PODS:
  - AFNetworking (3.2.1):
    - AFNetworking/NSURLSession (= 3.2.1)
    - AFNetworking/Reachability (= 3.2.1)
    - AFNetworking/Security (= 3.2.1)
    - AFNetworking/Serialization (= 3.2.1)
    - AFNetworking/UIKit (= 3.2.1)
  - AFNetworking/NSURLSession (3.2.1):
    - AFNetworking/Reachability
    - AFNetworking/Security
    - AFNetworking/Serialization
  - AFNetworking/Reachability (3.2.1)
  - AFNetworking/Security (3.2.1)
  - AFNetworking/Serialization (3.2.1)
  - AFNetworking/UIKit (3.2.1):
    - AFNetworking/NSURLSession
  - IQKeyboardManager (6.0.3)
  - LRModel (0.2.2)
  - LRNet (1.3.7):
    - AFNetworking
  - LRRouter (0.0.9)
  - Masonry (1.1.0)
  - MJExtension (3.0.13)
  - NSTimer-Blocks (0.0.1)
  - OpenUDID (1.0.0)
  - ReactiveObjC (3.1.0)
  - SDWebImage (4.3.3):
    - SDWebImage/Core (= 4.3.3)
  - SDWebImage/Core (4.3.3)
  - SimpleView (1.0.7):
    - SimpleView/NavStyle (= 1.0.7)
    - SimpleView/Simple (= 1.0.7)
    - SimpleView/SimpleAnimation (= 1.0.7)
    - SimpleView/SimpleView (= 1.0.7)
  - SimpleView/NavStyle (1.0.7):
    - SimpleView/SimpleView
  - SimpleView/Simple (1.0.7)
  - SimpleView/SimpleAnimation (1.0.7)
  - SimpleView/SimpleView (1.0.7):
    - SimpleView/Simple
  - WLBase/Alert (2.1.10):
    - WLBase/Category
  - WLBase/Base (2.1.10):
    - LRModel
    - NSTimer-Blocks
    - ReactiveObjC
    - SDWebImage
    - SimpleView
  - WLBase/Category (2.1.10):
    - WLBase/Base
  - WLBase/Component (2.1.10):
    - WLBase/Base
  - WLBase/Device (2.1.10):
    - OpenUDID
    - WLBase/Base
  - WLBaseView (0.2.2):
    - ReactiveObjC
    - WLBaseView/Code (= 0.2.2)
  - WLBaseView/Code (0.2.2):
    - ReactiveObjC
  - WLConst (1.1.7):
    - WLConst/Const (= 1.1.7)
  - WLConst/Const (1.1.7)
  - WLConst/WLImage (1.1.7):
    - WLConst/Const
  - WLConst/WLM (1.1.7):
    - WLConst/Const
  - WLForm (0.1.4):
    - IQKeyboardManager
    - Masonry
    - WLBaseView
    - WLForm/Code (= 0.1.4)
    - WLIconFont
    - WLWidget
  - WLForm/Code (0.1.4):
    - IQKeyboardManager
    - Masonry
    - WLBaseView
    - WLIconFont
    - WLWidget
  - WLIconFont (0.1.7)
  - WLModal (0.0.4):
    - Masonry
    - SDWebImage
    - WLIconFont
    - WLModal/Modal (= 0.0.4)
    - WLWidget
  - WLModal/Modal (0.0.4):
    - Masonry
    - SDWebImage
    - WLIconFont
    - WLWidget
  - WLNet/Debug (3.0.0):
    - WLNet/Net
  - WLNet/Net (3.0.0):
    - LRNet
    - LRRouter
    - WLBase/Alert
    - WLConst
  - WLNet/NetWL (3.0.0):
    - WLBase/Component
    - WLBase/Device
    - WLNet/Net
  - WLPickerView (0.0.2):
    - WLPickerView/Code (= 0.0.2)
  - WLPickerView/Code (0.0.2)
  - WLWidget (0.0.12):
    - SDWebImage
    - WLWidget/Category (= 0.0.12)
    - WLWidget/Macro (= 0.0.12)
  - WLWidget/Category (0.0.12):
    - SDWebImage
  - WLWidget/Macro (0.0.12):
    - SDWebImage

DEPENDENCIES:
  - Masonry
  - MJExtension
  - ReactiveObjC
  - WLBaseView
  - WLConst/WLImage
  - WLConst/WLM
  - WLForm
  - WLIconFont
  - WLModal
  - WLNet/Debug
  - WLNet/NetWL
  - WLPickerView
  - WLWidget

SPEC CHECKSUMS:
  AFNetworking: b6f891fdfaed196b46c7a83cf209e09697b94057
  IQKeyboardManager: c390e612f4b98c8fd748016470138537dc163ead
  LRModel: 83f1265e6829fc65389c15c0fe10a2033e607acd
  LRNet: 10b227ae0973eaf7daa17f6795e91058f2835b12
  LRRouter: 8ddf59f80e4261ac922a74ecb96e0373829b8861
  Masonry: 678fab65091a9290e40e2832a55e7ab731aad201
  MJExtension: 5932755f451458eefa24239358817f8d291240c7
  NSTimer-Blocks: 88faf9aef5f250ead087f3f67ae642517083bf36
  OpenUDID: e7cb6984c7304906ad20f3a36bf087b025896b6b
  ReactiveObjC: 2a38ea15335de4119d8b17caf1db1484f61db902
  SDWebImage: de4d90b5bff3571eae7bd16202b1f43135409fa5
  SimpleView: 8aee70e59ebdb8e501360394a10fb0a8634151c4
  WLBase: 4708e84860404b7f44a8cded5d331ebee665b8d2
  WLBaseView: 6aec0789d6a65467fad6ca1c1f4bcc09e060753f
  WLConst: 5c293eb2cfbfec64fea4fe821b1fb5cfd2e8227a
  WLForm: 91ee561f3ed41fb98080d9b2800b6bb50b98a729
  WLIconFont: 069245eba7ccf7dbefc3fb58bf9d84eba34944dc
  WLModal: 05bc84e2ad8b17348319128683310465a1641da6
  WLNet: 7a4b63a58f949b23f4a7cf6f0bbde891ce578b96
  WLPickerView: 980fa23885fcaf4dddadbcb1fba98f742a316b7c
  WLWidget: ac05c0b5020292e0d432e8a94904362ba97cb2cf

PODFILE CHECKSUM: e947f0d33f3fc0871a2e3327f6fa10c4d8ffce18

COCOAPODS: 1.4.0
