PODS:
  - IQKeyboardManager (6.0.2)
  - Masonry (1.1.0)
  - ReactiveObjC (3.1.0)
  - SDWebImage (4.3.3):
    - SDWebImage/Core (= 4.3.3)
  - SDWebImage/Core (4.3.3)
  - WLBaseView (0.1.9):
    - ReactiveObjC
    - WLBaseView/Code (= 0.1.9)
  - WLBaseView/Code (0.1.9):
    - ReactiveObjC
  - WLForm (0.1.2):
    - IQKeyboardManager
    - WLBaseView
    - WLForm/Code (= 0.1.2)
    - WLWidget
  - WLForm/Code (0.1.2):
    - IQKeyboardManager
    - WLBaseView
    - WLWidget
  - WLIconFont (0.1.5)
  - WLModal (0.0.2):
    - Masonry
    - SDWebImage
    - WLIconFont
    - WLModal/Modal (= 0.0.2)
    - WLWidget
  - WLModal/Modal (0.0.2):
    - Masonry
    - SDWebImage
    - WLIconFont
    - WLWidget
  - WLWidget (0.0.5):
    - WLWidget/Category (= 0.0.5)
    - WLWidget/Macro (= 0.0.5)
  - WLWidget/Category (0.0.5)
  - WLWidget/Macro (0.0.5)

DEPENDENCIES:
  - Masonry (= 1.1.0)
  - ReactiveObjC (= 3.1.0)
  - WLForm
  - WLIconFont
  - WLModal

SPEC CHECKSUMS:
  IQKeyboardManager: c49d59e358aeeffaa0280aa305093c2b194d2607
  Masonry: 678fab65091a9290e40e2832a55e7ab731aad201
  ReactiveObjC: 2a38ea15335de4119d8b17caf1db1484f61db902
  SDWebImage: de4d90b5bff3571eae7bd16202b1f43135409fa5
  WLBaseView: 01bca533a7b63a60b8e720b424352aa46fee1a4d
  WLForm: 889665f5e1933979473ab6e3febe2cc111ea4183
  WLIconFont: ab5bdf2208203afa208d0a721da8e4079f3ce7de
  WLModal: ee31840806471416bcf78a212632dadbbfdbee7e
  WLWidget: 8a84e7c918b1873f4cbb6b7c250c543b5012feb8

PODFILE CHECKSUM: 342c63b05ee812e07bd23cfb9b929d54fb5c6f2e

COCOAPODS: 1.4.0
