// !$*UTF8*$!
{
	archiveVersion = 1;
	classes = {
	};
	objectVersion = 48;
	objects = {

/* Begin PBXBuildFile section */
		50AA9FC5E70CCF584D47605D /* Pods_WLMElectronicInvoice.framework in Frameworks */ = {isa = PBXBuildFile; fileRef = 58614F4727A6F4189F29ACDC /* Pods_WLMElectronicInvoice.framework */; };
		9C2646DA209994C8004A4551 /* AppDelegate.m in Sources */ = {isa = PBXBuildFile; fileRef = 9C2646D9209994C8004A4551 /* AppDelegate.m */; };
		9C2646DD209994C8004A4551 /* ViewController.m in Sources */ = {isa = PBXBuildFile; fileRef = 9C2646DC209994C8004A4551 /* ViewController.m */; };
		9C2646E0209994C8004A4551 /* Main.storyboard in Resources */ = {isa = PBXBuildFile; fileRef = 9C2646DE209994C8004A4551 /* Main.storyboard */; };
		9C2646E2209994C8004A4551 /* Assets.xcassets in Resources */ = {isa = PBXBuildFile; fileRef = 9C2646E1209994C8004A4551 /* Assets.xcassets */; };
		9C2646E5209994C8004A4551 /* LaunchScreen.storyboard in Resources */ = {isa = PBXBuildFile; fileRef = 9C2646E3209994C8004A4551 /* LaunchScreen.storyboard */; };
		9C2646E8209994C8004A4551 /* main.m in Sources */ = {isa = PBXBuildFile; fileRef = 9C2646E7209994C8004A4551 /* main.m */; };
		9C26470320999B59004A4551 /* WLBModel.m in Sources */ = {isa = PBXBuildFile; fileRef = 9C2646F220999B59004A4551 /* WLBModel.m */; };
		9C26470420999B59004A4551 /* WLBViewController.m in Sources */ = {isa = PBXBuildFile; fileRef = 9C2646F720999B59004A4551 /* WLBViewController.m */; };
		9C26470520999B59004A4551 /* WLBViewModel.m in Sources */ = {isa = PBXBuildFile; fileRef = 9C2646FC20999B59004A4551 /* WLBViewModel.m */; };
		9C26470620999B59004A4551 /* WLBViewModelServiceImp.m in Sources */ = {isa = PBXBuildFile; fileRef = 9C2646FD20999B59004A4551 /* WLBViewModelServiceImp.m */; };
		9C26470720999B59004A4551 /* WLBView.m in Sources */ = {isa = PBXBuildFile; fileRef = 9C26470220999B59004A4551 /* WLBView.m */; };
		9C264750209AEFE2004A4551 /* WLMInvoiceApplyVC.m in Sources */ = {isa = PBXBuildFile; fileRef = 9C26474F209AEFE2004A4551 /* WLMInvoiceApplyVC.m */; };
		9C264753209AF037004A4551 /* WLMInvoiceApplyVM.m in Sources */ = {isa = PBXBuildFile; fileRef = 9C264752209AF037004A4551 /* WLMInvoiceApplyVM.m */; };
		9C26476E209BF10D004A4551 /* WLMInvoiceDetailVC.m in Sources */ = {isa = PBXBuildFile; fileRef = 9C26476D209BF10D004A4551 /* WLMInvoiceDetailVC.m */; };
		9C264771209BF17B004A4551 /* WLMInvoiceManagerListVC.m in Sources */ = {isa = PBXBuildFile; fileRef = 9C264770209BF17B004A4551 /* WLMInvoiceManagerListVC.m */; };
		9C264774209BF1A2004A4551 /* WLMInvoiceSearchVC.m in Sources */ = {isa = PBXBuildFile; fileRef = 9C264773209BF1A2004A4551 /* WLMInvoiceSearchVC.m */; };
		9CC4FEF520A2E70800232074 /* WLMPackageSelectVC.m in Sources */ = {isa = PBXBuildFile; fileRef = 9CC4FEF420A2E70800232074 /* WLMPackageSelectVC.m */; };
		9CC4FEF820A2E75300232074 /* WLMPackageSelectView.m in Sources */ = {isa = PBXBuildFile; fileRef = 9CC4FEF720A2E75300232074 /* WLMPackageSelectView.m */; };
		9CC4FEFF20A2FADD00232074 /* middle@3x.png in Resources */ = {isa = PBXBuildFile; fileRef = 9CC4FEF920A2FADC00232074 /* middle@3x.png */; };
		9CC4FF0020A2FADD00232074 /* normal@2x.png in Resources */ = {isa = PBXBuildFile; fileRef = 9CC4FEFA20A2FADC00232074 /* normal@2x.png */; };
		9CC4FF0120A2FADD00232074 /* big@2x.png in Resources */ = {isa = PBXBuildFile; fileRef = 9CC4FEFB20A2FADC00232074 /* big@2x.png */; };
		9CC4FF0220A2FADD00232074 /* big@3x.png in Resources */ = {isa = PBXBuildFile; fileRef = 9CC4FEFC20A2FADD00232074 /* big@3x.png */; };
		9CC4FF0320A2FADD00232074 /* normal@3x.png in Resources */ = {isa = PBXBuildFile; fileRef = 9CC4FEFD20A2FADD00232074 /* normal@3x.png */; };
		9CC4FF0420A2FADD00232074 /* middle@2x.png in Resources */ = {isa = PBXBuildFile; fileRef = 9CC4FEFE20A2FADD00232074 /* middle@2x.png */; };
		9CC4FF0720A318EB00232074 /* WLMInvoiceApplyResultVC.m in Sources */ = {isa = PBXBuildFile; fileRef = 9CC4FF0620A318EB00232074 /* WLMInvoiceApplyResultVC.m */; };
		9CC4FF0A20A318FD00232074 /* WLMInvoiceApplyResultView.m in Sources */ = {isa = PBXBuildFile; fileRef = 9CC4FF0920A318FD00232074 /* WLMInvoiceApplyResultView.m */; };
		9CEEA5CE209D9DB900673214 /* WLMFillTaxationInfoVC.m in Sources */ = {isa = PBXBuildFile; fileRef = 9CEEA5CD209D9DB900673214 /* WLMFillTaxationInfoVC.m */; };
		9CEEA5D1209DC10000673214 /* WLMMoreTaxationInfoVC.m in Sources */ = {isa = PBXBuildFile; fileRef = 9CEEA5D0209DC10000673214 /* WLMMoreTaxationInfoVC.m */; };
		9CEEA5D420A03E9400673214 /* WLMOpenInvoiceVC.m in Sources */ = {isa = PBXBuildFile; fileRef = 9CEEA5D320A03E9400673214 /* WLMOpenInvoiceVC.m */; };
		9CEEA5D720A05C0E00673214 /* WLMResendInvoiceVC.m in Sources */ = {isa = PBXBuildFile; fileRef = 9CEEA5D620A05C0E00673214 /* WLMResendInvoiceVC.m */; };
/* End PBXBuildFile section */

/* Begin PBXFileReference section */
		0C58E3E41CE2B24BB6F43768 /* Pods-WLMElectronicInvoice.release.xcconfig */ = {isa = PBXFileReference; includeInIndex = 1; lastKnownFileType = text.xcconfig; name = "Pods-WLMElectronicInvoice.release.xcconfig"; path = "Pods/Target Support Files/Pods-WLMElectronicInvoice/Pods-WLMElectronicInvoice.release.xcconfig"; sourceTree = "<group>"; };
		58614F4727A6F4189F29ACDC /* Pods_WLMElectronicInvoice.framework */ = {isa = PBXFileReference; explicitFileType = wrapper.framework; includeInIndex = 0; path = Pods_WLMElectronicInvoice.framework; sourceTree = BUILT_PRODUCTS_DIR; };
		8EC5F3AAC5E149448B9054F5 /* Pods-WLMElectronicInvoice.debug.xcconfig */ = {isa = PBXFileReference; includeInIndex = 1; lastKnownFileType = text.xcconfig; name = "Pods-WLMElectronicInvoice.debug.xcconfig"; path = "Pods/Target Support Files/Pods-WLMElectronicInvoice/Pods-WLMElectronicInvoice.debug.xcconfig"; sourceTree = "<group>"; };
		9C2646D5209994C8004A4551 /* WLMElectronicInvoice.app */ = {isa = PBXFileReference; explicitFileType = wrapper.application; includeInIndex = 0; path = WLMElectronicInvoice.app; sourceTree = BUILT_PRODUCTS_DIR; };
		9C2646D8209994C8004A4551 /* AppDelegate.h */ = {isa = PBXFileReference; lastKnownFileType = sourcecode.c.h; path = AppDelegate.h; sourceTree = "<group>"; };
		9C2646D9209994C8004A4551 /* AppDelegate.m */ = {isa = PBXFileReference; lastKnownFileType = sourcecode.c.objc; path = AppDelegate.m; sourceTree = "<group>"; };
		9C2646DB209994C8004A4551 /* ViewController.h */ = {isa = PBXFileReference; lastKnownFileType = sourcecode.c.h; path = ViewController.h; sourceTree = "<group>"; };
		9C2646DC209994C8004A4551 /* ViewController.m */ = {isa = PBXFileReference; lastKnownFileType = sourcecode.c.objc; path = ViewController.m; sourceTree = "<group>"; };
		9C2646DF209994C8004A4551 /* Base */ = {isa = PBXFileReference; lastKnownFileType = file.storyboard; name = Base; path = Base.lproj/Main.storyboard; sourceTree = "<group>"; };
		9C2646E1209994C8004A4551 /* Assets.xcassets */ = {isa = PBXFileReference; lastKnownFileType = folder.assetcatalog; path = Assets.xcassets; sourceTree = "<group>"; };
		9C2646E4209994C8004A4551 /* Base */ = {isa = PBXFileReference; lastKnownFileType = file.storyboard; name = Base; path = Base.lproj/LaunchScreen.storyboard; sourceTree = "<group>"; };
		9C2646E6209994C8004A4551 /* Info.plist */ = {isa = PBXFileReference; lastKnownFileType = text.plist.xml; path = Info.plist; sourceTree = "<group>"; };
		9C2646E7209994C8004A4551 /* main.m */ = {isa = PBXFileReference; lastKnownFileType = sourcecode.c.objc; path = main.m; sourceTree = "<group>"; };
		9C2646F220999B59004A4551 /* WLBModel.m */ = {isa = PBXFileReference; fileEncoding = 4; lastKnownFileType = sourcecode.c.objc; path = WLBModel.m; sourceTree = "<group>"; };
		9C2646F320999B59004A4551 /* WLBModel.h */ = {isa = PBXFileReference; fileEncoding = 4; lastKnownFileType = sourcecode.c.h; path = WLBModel.h; sourceTree = "<group>"; };
		9C2646F520999B59004A4551 /* WLBViewControllerProtocol.h */ = {isa = PBXFileReference; fileEncoding = 4; lastKnownFileType = sourcecode.c.h; path = WLBViewControllerProtocol.h; sourceTree = "<group>"; };
		9C2646F620999B59004A4551 /* WLBViewController.h */ = {isa = PBXFileReference; fileEncoding = 4; lastKnownFileType = sourcecode.c.h; path = WLBViewController.h; sourceTree = "<group>"; };
		9C2646F720999B59004A4551 /* WLBViewController.m */ = {isa = PBXFileReference; fileEncoding = 4; lastKnownFileType = sourcecode.c.objc; path = WLBViewController.m; sourceTree = "<group>"; };
		9C2646F920999B59004A4551 /* WLBViewModel.h */ = {isa = PBXFileReference; fileEncoding = 4; lastKnownFileType = sourcecode.c.h; path = WLBViewModel.h; sourceTree = "<group>"; };
		9C2646FA20999B59004A4551 /* WLBViewModelServiceImp.h */ = {isa = PBXFileReference; fileEncoding = 4; lastKnownFileType = sourcecode.c.h; path = WLBViewModelServiceImp.h; sourceTree = "<group>"; };
		9C2646FB20999B59004A4551 /* WLBViewModelProtocol.h */ = {isa = PBXFileReference; fileEncoding = 4; lastKnownFileType = sourcecode.c.h; path = WLBViewModelProtocol.h; sourceTree = "<group>"; };
		9C2646FC20999B59004A4551 /* WLBViewModel.m */ = {isa = PBXFileReference; fileEncoding = 4; lastKnownFileType = sourcecode.c.objc; path = WLBViewModel.m; sourceTree = "<group>"; };
		9C2646FD20999B59004A4551 /* WLBViewModelServiceImp.m */ = {isa = PBXFileReference; fileEncoding = 4; lastKnownFileType = sourcecode.c.objc; path = WLBViewModelServiceImp.m; sourceTree = "<group>"; };
		9C2646FE20999B59004A4551 /* WLBViewModelServiceProtocol.h */ = {isa = PBXFileReference; fileEncoding = 4; lastKnownFileType = sourcecode.c.h; path = WLBViewModelServiceProtocol.h; sourceTree = "<group>"; };
		9C26470020999B59004A4551 /* WLBView.h */ = {isa = PBXFileReference; fileEncoding = 4; lastKnownFileType = sourcecode.c.h; path = WLBView.h; sourceTree = "<group>"; };
		9C26470120999B59004A4551 /* WLBViewProtocol.h */ = {isa = PBXFileReference; fileEncoding = 4; lastKnownFileType = sourcecode.c.h; path = WLBViewProtocol.h; sourceTree = "<group>"; };
		9C26470220999B59004A4551 /* WLBView.m */ = {isa = PBXFileReference; fileEncoding = 4; lastKnownFileType = sourcecode.c.objc; path = WLBView.m; sourceTree = "<group>"; };
		9C26470820999CB3004A4551 /* WLMElectronicInvoice.pch */ = {isa = PBXFileReference; lastKnownFileType = sourcecode.c.h; path = WLMElectronicInvoice.pch; sourceTree = "<group>"; };
		9C26474E209AEFE2004A4551 /* WLMInvoiceApplyVC.h */ = {isa = PBXFileReference; lastKnownFileType = sourcecode.c.h; path = WLMInvoiceApplyVC.h; sourceTree = "<group>"; };
		9C26474F209AEFE2004A4551 /* WLMInvoiceApplyVC.m */ = {isa = PBXFileReference; lastKnownFileType = sourcecode.c.objc; path = WLMInvoiceApplyVC.m; sourceTree = "<group>"; };
		9C264751209AF037004A4551 /* WLMInvoiceApplyVM.h */ = {isa = PBXFileReference; lastKnownFileType = sourcecode.c.h; path = WLMInvoiceApplyVM.h; sourceTree = "<group>"; };
		9C264752209AF037004A4551 /* WLMInvoiceApplyVM.m */ = {isa = PBXFileReference; lastKnownFileType = sourcecode.c.objc; path = WLMInvoiceApplyVM.m; sourceTree = "<group>"; };
		9C26476C209BF10D004A4551 /* WLMInvoiceDetailVC.h */ = {isa = PBXFileReference; lastKnownFileType = sourcecode.c.h; path = WLMInvoiceDetailVC.h; sourceTree = "<group>"; };
		9C26476D209BF10D004A4551 /* WLMInvoiceDetailVC.m */ = {isa = PBXFileReference; lastKnownFileType = sourcecode.c.objc; path = WLMInvoiceDetailVC.m; sourceTree = "<group>"; };
		9C26476F209BF17B004A4551 /* WLMInvoiceManagerListVC.h */ = {isa = PBXFileReference; lastKnownFileType = sourcecode.c.h; path = WLMInvoiceManagerListVC.h; sourceTree = "<group>"; };
		9C264770209BF17B004A4551 /* WLMInvoiceManagerListVC.m */ = {isa = PBXFileReference; lastKnownFileType = sourcecode.c.objc; path = WLMInvoiceManagerListVC.m; sourceTree = "<group>"; };
		9C264772209BF1A2004A4551 /* WLMInvoiceSearchVC.h */ = {isa = PBXFileReference; lastKnownFileType = sourcecode.c.h; path = WLMInvoiceSearchVC.h; sourceTree = "<group>"; };
		9C264773209BF1A2004A4551 /* WLMInvoiceSearchVC.m */ = {isa = PBXFileReference; lastKnownFileType = sourcecode.c.objc; path = WLMInvoiceSearchVC.m; sourceTree = "<group>"; };
		9CC4FEF320A2E70800232074 /* WLMPackageSelectVC.h */ = {isa = PBXFileReference; lastKnownFileType = sourcecode.c.h; path = WLMPackageSelectVC.h; sourceTree = "<group>"; };
		9CC4FEF420A2E70800232074 /* WLMPackageSelectVC.m */ = {isa = PBXFileReference; lastKnownFileType = sourcecode.c.objc; path = WLMPackageSelectVC.m; sourceTree = "<group>"; };
		9CC4FEF620A2E75300232074 /* WLMPackageSelectView.h */ = {isa = PBXFileReference; lastKnownFileType = sourcecode.c.h; path = WLMPackageSelectView.h; sourceTree = "<group>"; };
		9CC4FEF720A2E75300232074 /* WLMPackageSelectView.m */ = {isa = PBXFileReference; lastKnownFileType = sourcecode.c.objc; path = WLMPackageSelectView.m; sourceTree = "<group>"; };
		9CC4FEF920A2FADC00232074 /* middle@3x.png */ = {isa = PBXFileReference; lastKnownFileType = image.png; path = "middle@3x.png"; sourceTree = "<group>"; };
		9CC4FEFA20A2FADC00232074 /* normal@2x.png */ = {isa = PBXFileReference; lastKnownFileType = image.png; path = "normal@2x.png"; sourceTree = "<group>"; };
		9CC4FEFB20A2FADC00232074 /* big@2x.png */ = {isa = PBXFileReference; lastKnownFileType = image.png; path = "big@2x.png"; sourceTree = "<group>"; };
		9CC4FEFC20A2FADD00232074 /* big@3x.png */ = {isa = PBXFileReference; lastKnownFileType = image.png; path = "big@3x.png"; sourceTree = "<group>"; };
		9CC4FEFD20A2FADD00232074 /* normal@3x.png */ = {isa = PBXFileReference; lastKnownFileType = image.png; path = "normal@3x.png"; sourceTree = "<group>"; };
		9CC4FEFE20A2FADD00232074 /* middle@2x.png */ = {isa = PBXFileReference; lastKnownFileType = image.png; path = "middle@2x.png"; sourceTree = "<group>"; };
		9CC4FF0520A318EB00232074 /* WLMInvoiceApplyResultVC.h */ = {isa = PBXFileReference; lastKnownFileType = sourcecode.c.h; path = WLMInvoiceApplyResultVC.h; sourceTree = "<group>"; };
		9CC4FF0620A318EB00232074 /* WLMInvoiceApplyResultVC.m */ = {isa = PBXFileReference; lastKnownFileType = sourcecode.c.objc; path = WLMInvoiceApplyResultVC.m; sourceTree = "<group>"; };
		9CC4FF0820A318FD00232074 /* WLMInvoiceApplyResultView.h */ = {isa = PBXFileReference; lastKnownFileType = sourcecode.c.h; path = WLMInvoiceApplyResultView.h; sourceTree = "<group>"; };
		9CC4FF0920A318FD00232074 /* WLMInvoiceApplyResultView.m */ = {isa = PBXFileReference; lastKnownFileType = sourcecode.c.objc; path = WLMInvoiceApplyResultView.m; sourceTree = "<group>"; };
		9CEEA5CC209D9DB900673214 /* WLMFillTaxationInfoVC.h */ = {isa = PBXFileReference; lastKnownFileType = sourcecode.c.h; path = WLMFillTaxationInfoVC.h; sourceTree = "<group>"; };
		9CEEA5CD209D9DB900673214 /* WLMFillTaxationInfoVC.m */ = {isa = PBXFileReference; lastKnownFileType = sourcecode.c.objc; path = WLMFillTaxationInfoVC.m; sourceTree = "<group>"; };
		9CEEA5CF209DC10000673214 /* WLMMoreTaxationInfoVC.h */ = {isa = PBXFileReference; lastKnownFileType = sourcecode.c.h; path = WLMMoreTaxationInfoVC.h; sourceTree = "<group>"; };
		9CEEA5D0209DC10000673214 /* WLMMoreTaxationInfoVC.m */ = {isa = PBXFileReference; lastKnownFileType = sourcecode.c.objc; path = WLMMoreTaxationInfoVC.m; sourceTree = "<group>"; };
		9CEEA5D220A03E9400673214 /* WLMOpenInvoiceVC.h */ = {isa = PBXFileReference; lastKnownFileType = sourcecode.c.h; path = WLMOpenInvoiceVC.h; sourceTree = "<group>"; };
		9CEEA5D320A03E9400673214 /* WLMOpenInvoiceVC.m */ = {isa = PBXFileReference; lastKnownFileType = sourcecode.c.objc; path = WLMOpenInvoiceVC.m; sourceTree = "<group>"; };
		9CEEA5D520A05C0E00673214 /* WLMResendInvoiceVC.h */ = {isa = PBXFileReference; lastKnownFileType = sourcecode.c.h; path = WLMResendInvoiceVC.h; sourceTree = "<group>"; };
		9CEEA5D620A05C0E00673214 /* WLMResendInvoiceVC.m */ = {isa = PBXFileReference; lastKnownFileType = sourcecode.c.objc; path = WLMResendInvoiceVC.m; sourceTree = "<group>"; };
/* End PBXFileReference section */

/* Begin PBXFrameworksBuildPhase section */
		9C2646D2209994C8004A4551 /* Frameworks */ = {
			isa = PBXFrameworksBuildPhase;
			buildActionMask = 2147483647;
			files = (
				50AA9FC5E70CCF584D47605D /* Pods_WLMElectronicInvoice.framework in Frameworks */,
			);
			runOnlyForDeploymentPostprocessing = 0;
		};
/* End PBXFrameworksBuildPhase section */

/* Begin PBXGroup section */
		71DFEAB7C76F1CE63CE6F560 /* Pods */ = {
			isa = PBXGroup;
			children = (
				8EC5F3AAC5E149448B9054F5 /* Pods-WLMElectronicInvoice.debug.xcconfig */,
				0C58E3E41CE2B24BB6F43768 /* Pods-WLMElectronicInvoice.release.xcconfig */,
			);
			name = Pods;
			sourceTree = "<group>";
		};
		9C2646CC209994C8004A4551 = {
			isa = PBXGroup;
			children = (
				9C2646D7209994C8004A4551 /* WLMElectronicInvoice */,
				9C2646D6209994C8004A4551 /* Products */,
				71DFEAB7C76F1CE63CE6F560 /* Pods */,
				AE7C1BB297102048DF9B74F3 /* Frameworks */,
			);
			sourceTree = "<group>";
		};
		9C2646D6209994C8004A4551 /* Products */ = {
			isa = PBXGroup;
			children = (
				9C2646D5209994C8004A4551 /* WLMElectronicInvoice.app */,
			);
			name = Products;
			sourceTree = "<group>";
		};
		9C2646D7209994C8004A4551 /* WLMElectronicInvoice */ = {
			isa = PBXGroup;
			children = (
				9C264744209AEEFA004A4551 /* ElectronicInvoiceApply */,
				9C26473A209AEEFA004A4551 /* ElectronicInvoiceDetail */,
				9C264749209AEEFA004A4551 /* ElectronicInvoiceManager */,
				9C26473F209AEEFA004A4551 /* ElectronicInvoiceSearch */,
				9C2646EF20999B35004A4551 /* Base */,
				9C2646F020999B35004A4551 /* Resources */,
				9C2646EE20999B35004A4551 /* Tools */,
				9C2646D8209994C8004A4551 /* AppDelegate.h */,
				9C2646D9209994C8004A4551 /* AppDelegate.m */,
				9C2646DB209994C8004A4551 /* ViewController.h */,
				9C2646DC209994C8004A4551 /* ViewController.m */,
				9C2646DE209994C8004A4551 /* Main.storyboard */,
				9C2646E1209994C8004A4551 /* Assets.xcassets */,
				9C2646E3209994C8004A4551 /* LaunchScreen.storyboard */,
				9C2646E6209994C8004A4551 /* Info.plist */,
				9C2646E7209994C8004A4551 /* main.m */,
				9C26470820999CB3004A4551 /* WLMElectronicInvoice.pch */,
			);
			path = WLMElectronicInvoice;
			sourceTree = "<group>";
		};
		9C2646EE20999B35004A4551 /* Tools */ = {
			isa = PBXGroup;
			children = (
			);
			path = Tools;
			sourceTree = "<group>";
		};
		9C2646EF20999B35004A4551 /* Base */ = {
			isa = PBXGroup;
			children = (
				9C2646F420999B59004A4551 /* Controllers */,
				9C2646F120999B59004A4551 /* Models */,
				9C2646F820999B59004A4551 /* ViewModels */,
				9C2646FF20999B59004A4551 /* Views */,
			);
			path = Base;
			sourceTree = "<group>";
		};
		9C2646F020999B35004A4551 /* Resources */ = {
			isa = PBXGroup;
			children = (
				9CC4FEFB20A2FADC00232074 /* big@2x.png */,
				9CC4FEFC20A2FADD00232074 /* big@3x.png */,
				9CC4FEFE20A2FADD00232074 /* middle@2x.png */,
				9CC4FEF920A2FADC00232074 /* middle@3x.png */,
				9CC4FEFA20A2FADC00232074 /* normal@2x.png */,
				9CC4FEFD20A2FADD00232074 /* normal@3x.png */,
			);
			path = Resources;
			sourceTree = "<group>";
		};
		9C2646F120999B59004A4551 /* Models */ = {
			isa = PBXGroup;
			children = (
				9C2646F220999B59004A4551 /* WLBModel.m */,
				9C2646F320999B59004A4551 /* WLBModel.h */,
			);
			path = Models;
			sourceTree = "<group>";
		};
		9C2646F420999B59004A4551 /* Controllers */ = {
			isa = PBXGroup;
			children = (
				9C2646F520999B59004A4551 /* WLBViewControllerProtocol.h */,
				9C2646F620999B59004A4551 /* WLBViewController.h */,
				9C2646F720999B59004A4551 /* WLBViewController.m */,
			);
			path = Controllers;
			sourceTree = "<group>";
		};
		9C2646F820999B59004A4551 /* ViewModels */ = {
			isa = PBXGroup;
			children = (
				9C2646F920999B59004A4551 /* WLBViewModel.h */,
				9C2646FA20999B59004A4551 /* WLBViewModelServiceImp.h */,
				9C2646FB20999B59004A4551 /* WLBViewModelProtocol.h */,
				9C2646FC20999B59004A4551 /* WLBViewModel.m */,
				9C2646FD20999B59004A4551 /* WLBViewModelServiceImp.m */,
				9C2646FE20999B59004A4551 /* WLBViewModelServiceProtocol.h */,
			);
			path = ViewModels;
			sourceTree = "<group>";
		};
		9C2646FF20999B59004A4551 /* Views */ = {
			isa = PBXGroup;
			children = (
				9C26470020999B59004A4551 /* WLBView.h */,
				9C26470120999B59004A4551 /* WLBViewProtocol.h */,
				9C26470220999B59004A4551 /* WLBView.m */,
			);
			path = Views;
			sourceTree = "<group>";
		};
		9C26473A209AEEFA004A4551 /* ElectronicInvoiceDetail */ = {
			isa = PBXGroup;
			children = (
				9C26473B209AEEFA004A4551 /* ViewModel */,
				9C26473C209AEEFA004A4551 /* Controller */,
				9C26473D209AEEFA004A4551 /* Model */,
				9C26473E209AEEFA004A4551 /* View */,
			);
			path = ElectronicInvoiceDetail;
			sourceTree = "<group>";
		};
		9C26473B209AEEFA004A4551 /* ViewModel */ = {
			isa = PBXGroup;
			children = (
			);
			path = ViewModel;
			sourceTree = "<group>";
		};
		9C26473C209AEEFA004A4551 /* Controller */ = {
			isa = PBXGroup;
			children = (
				9C26476C209BF10D004A4551 /* WLMInvoiceDetailVC.h */,
				9C26476D209BF10D004A4551 /* WLMInvoiceDetailVC.m */,
				9CEEA5D520A05C0E00673214 /* WLMResendInvoiceVC.h */,
				9CEEA5D620A05C0E00673214 /* WLMResendInvoiceVC.m */,
			);
			path = Controller;
			sourceTree = "<group>";
		};
		9C26473D209AEEFA004A4551 /* Model */ = {
			isa = PBXGroup;
			children = (
			);
			path = Model;
			sourceTree = "<group>";
		};
		9C26473E209AEEFA004A4551 /* View */ = {
			isa = PBXGroup;
			children = (
			);
			path = View;
			sourceTree = "<group>";
		};
		9C26473F209AEEFA004A4551 /* ElectronicInvoiceSearch */ = {
			isa = PBXGroup;
			children = (
				9C264740209AEEFA004A4551 /* ViewModel */,
				9C264741209AEEFA004A4551 /* Controller */,
				9C264742209AEEFA004A4551 /* Model */,
				9C264743209AEEFA004A4551 /* View */,
			);
			path = ElectronicInvoiceSearch;
			sourceTree = "<group>";
		};
		9C264740209AEEFA004A4551 /* ViewModel */ = {
			isa = PBXGroup;
			children = (
			);
			path = ViewModel;
			sourceTree = "<group>";
		};
		9C264741209AEEFA004A4551 /* Controller */ = {
			isa = PBXGroup;
			children = (
				9C264772209BF1A2004A4551 /* WLMInvoiceSearchVC.h */,
				9C264773209BF1A2004A4551 /* WLMInvoiceSearchVC.m */,
			);
			path = Controller;
			sourceTree = "<group>";
		};
		9C264742209AEEFA004A4551 /* Model */ = {
			isa = PBXGroup;
			children = (
			);
			path = Model;
			sourceTree = "<group>";
		};
		9C264743209AEEFA004A4551 /* View */ = {
			isa = PBXGroup;
			children = (
			);
			path = View;
			sourceTree = "<group>";
		};
		9C264744209AEEFA004A4551 /* ElectronicInvoiceApply */ = {
			isa = PBXGroup;
			children = (
				9C264745209AEEFA004A4551 /* ViewModel */,
				9C264746209AEEFA004A4551 /* Controller */,
				9C264747209AEEFA004A4551 /* Model */,
				9C264748209AEEFA004A4551 /* View */,
			);
			path = ElectronicInvoiceApply;
			sourceTree = "<group>";
		};
		9C264745209AEEFA004A4551 /* ViewModel */ = {
			isa = PBXGroup;
			children = (
				9C264751209AF037004A4551 /* WLMInvoiceApplyVM.h */,
				9C264752209AF037004A4551 /* WLMInvoiceApplyVM.m */,
			);
			path = ViewModel;
			sourceTree = "<group>";
		};
		9C264746209AEEFA004A4551 /* Controller */ = {
			isa = PBXGroup;
			children = (
				9C26474E209AEFE2004A4551 /* WLMInvoiceApplyVC.h */,
				9C26474F209AEFE2004A4551 /* WLMInvoiceApplyVC.m */,
				9CEEA5CC209D9DB900673214 /* WLMFillTaxationInfoVC.h */,
				9CEEA5CD209D9DB900673214 /* WLMFillTaxationInfoVC.m */,
				9CEEA5CF209DC10000673214 /* WLMMoreTaxationInfoVC.h */,
				9CEEA5D0209DC10000673214 /* WLMMoreTaxationInfoVC.m */,
				9CC4FEF320A2E70800232074 /* WLMPackageSelectVC.h */,
				9CC4FEF420A2E70800232074 /* WLMPackageSelectVC.m */,
				9CC4FF0520A318EB00232074 /* WLMInvoiceApplyResultVC.h */,
				9CC4FF0620A318EB00232074 /* WLMInvoiceApplyResultVC.m */,
			);
			path = Controller;
			sourceTree = "<group>";
		};
		9C264747209AEEFA004A4551 /* Model */ = {
			isa = PBXGroup;
			children = (
			);
			path = Model;
			sourceTree = "<group>";
		};
		9C264748209AEEFA004A4551 /* View */ = {
			isa = PBXGroup;
			children = (
				9CC4FEF620A2E75300232074 /* WLMPackageSelectView.h */,
				9CC4FEF720A2E75300232074 /* WLMPackageSelectView.m */,
				9CC4FF0820A318FD00232074 /* WLMInvoiceApplyResultView.h */,
				9CC4FF0920A318FD00232074 /* WLMInvoiceApplyResultView.m */,
			);
			path = View;
			sourceTree = "<group>";
		};
		9C264749209AEEFA004A4551 /* ElectronicInvoiceManager */ = {
			isa = PBXGroup;
			children = (
				9C26474A209AEEFA004A4551 /* ViewModel */,
				9C26474B209AEEFA004A4551 /* Controller */,
				9C26474C209AEEFA004A4551 /* Model */,
				9C26474D209AEEFA004A4551 /* View */,
			);
			path = ElectronicInvoiceManager;
			sourceTree = "<group>";
		};
		9C26474A209AEEFA004A4551 /* ViewModel */ = {
			isa = PBXGroup;
			children = (
			);
			path = ViewModel;
			sourceTree = "<group>";
		};
		9C26474B209AEEFA004A4551 /* Controller */ = {
			isa = PBXGroup;
			children = (
				9C26476F209BF17B004A4551 /* WLMInvoiceManagerListVC.h */,
				9C264770209BF17B004A4551 /* WLMInvoiceManagerListVC.m */,
				9CEEA5D220A03E9400673214 /* WLMOpenInvoiceVC.h */,
				9CEEA5D320A03E9400673214 /* WLMOpenInvoiceVC.m */,
			);
			path = Controller;
			sourceTree = "<group>";
		};
		9C26474C209AEEFA004A4551 /* Model */ = {
			isa = PBXGroup;
			children = (
			);
			path = Model;
			sourceTree = "<group>";
		};
		9C26474D209AEEFA004A4551 /* View */ = {
			isa = PBXGroup;
			children = (
			);
			path = View;
			sourceTree = "<group>";
		};
		AE7C1BB297102048DF9B74F3 /* Frameworks */ = {
			isa = PBXGroup;
			children = (
				58614F4727A6F4189F29ACDC /* Pods_WLMElectronicInvoice.framework */,
			);
			name = Frameworks;
			sourceTree = "<group>";
		};
/* End PBXGroup section */

/* Begin PBXNativeTarget section */
		9C2646D4209994C8004A4551 /* WLMElectronicInvoice */ = {
			isa = PBXNativeTarget;
			buildConfigurationList = 9C2646EB209994C8004A4551 /* Build configuration list for PBXNativeTarget "WLMElectronicInvoice" */;
			buildPhases = (
				BA7CE3066FE8BDF402478757 /* [CP] Check Pods Manifest.lock */,
				9C2646D1209994C8004A4551 /* Sources */,
				9C2646D2209994C8004A4551 /* Frameworks */,
				9C2646D3209994C8004A4551 /* Resources */,
				D556C94F39542C276B946782 /* [CP] Embed Pods Frameworks */,
				95B4D5ACBEA742737D2DAC2C /* [CP] Copy Pods Resources */,
			);
			buildRules = (
			);
			dependencies = (
			);
			name = WLMElectronicInvoice;
			productName = WLMElectronicInvoice;
			productReference = 9C2646D5209994C8004A4551 /* WLMElectronicInvoice.app */;
			productType = "com.apple.product-type.application";
		};
/* End PBXNativeTarget section */

/* Begin PBXProject section */
		9C2646CD209994C8004A4551 /* Project object */ = {
			isa = PBXProject;
			attributes = {
				LastUpgradeCheck = 0920;
				ORGANIZATIONNAME = quangqiang;
				TargetAttributes = {
					9C2646D4209994C8004A4551 = {
						CreatedOnToolsVersion = 9.2;
						ProvisioningStyle = Automatic;
					};
				};
			};
			buildConfigurationList = 9C2646D0209994C8004A4551 /* Build configuration list for PBXProject "WLMElectronicInvoice" */;
			compatibilityVersion = "Xcode 8.0";
			developmentRegion = en;
			hasScannedForEncodings = 0;
			knownRegions = (
				en,
				Base,
			);
			mainGroup = 9C2646CC209994C8004A4551;
			productRefGroup = 9C2646D6209994C8004A4551 /* Products */;
			projectDirPath = "";
			projectRoot = "";
			targets = (
				9C2646D4209994C8004A4551 /* WLMElectronicInvoice */,
			);
		};
/* End PBXProject section */

/* Begin PBXResourcesBuildPhase section */
		9C2646D3209994C8004A4551 /* Resources */ = {
			isa = PBXResourcesBuildPhase;
			buildActionMask = 2147483647;
			files = (
				9C2646E5209994C8004A4551 /* LaunchScreen.storyboard in Resources */,
				9CC4FF0120A2FADD00232074 /* big@2x.png in Resources */,
				9C2646E2209994C8004A4551 /* Assets.xcassets in Resources */,
				9CC4FF0220A2FADD00232074 /* big@3x.png in Resources */,
				9CC4FF0320A2FADD00232074 /* normal@3x.png in Resources */,
				9CC4FEFF20A2FADD00232074 /* middle@3x.png in Resources */,
				9CC4FF0020A2FADD00232074 /* normal@2x.png in Resources */,
				9C2646E0209994C8004A4551 /* Main.storyboard in Resources */,
				9CC4FF0420A2FADD00232074 /* middle@2x.png in Resources */,
			);
			runOnlyForDeploymentPostprocessing = 0;
		};
/* End PBXResourcesBuildPhase section */

/* Begin PBXShellScriptBuildPhase section */
		95B4D5ACBEA742737D2DAC2C /* [CP] Copy Pods Resources */ = {
			isa = PBXShellScriptBuildPhase;
			buildActionMask = 2147483647;
			files = (
			);
			inputPaths = (
			);
			name = "[CP] Copy Pods Resources";
			outputPaths = (
			);
			runOnlyForDeploymentPostprocessing = 0;
			shellPath = /bin/sh;
			shellScript = "\"${SRCROOT}/Pods/Target Support Files/Pods-WLMElectronicInvoice/Pods-WLMElectronicInvoice-resources.sh\"\n";
			showEnvVarsInLog = 0;
		};
		BA7CE3066FE8BDF402478757 /* [CP] Check Pods Manifest.lock */ = {
			isa = PBXShellScriptBuildPhase;
			buildActionMask = 2147483647;
			files = (
			);
			inputPaths = (
				"${PODS_PODFILE_DIR_PATH}/Podfile.lock",
				"${PODS_ROOT}/Manifest.lock",
			);
			name = "[CP] Check Pods Manifest.lock";
			outputPaths = (
				"$(DERIVED_FILE_DIR)/Pods-WLMElectronicInvoice-checkManifestLockResult.txt",
			);
			runOnlyForDeploymentPostprocessing = 0;
			shellPath = /bin/sh;
			shellScript = "diff \"${PODS_PODFILE_DIR_PATH}/Podfile.lock\" \"${PODS_ROOT}/Manifest.lock\" > /dev/null\nif [ $? != 0 ] ; then\n    # print error to STDERR\n    echo \"error: The sandbox is not in sync with the Podfile.lock. Run 'pod install' or update your CocoaPods installation.\" >&2\n    exit 1\nfi\n# This output is used by Xcode 'outputs' to avoid re-running this script phase.\necho \"SUCCESS\" > \"${SCRIPT_OUTPUT_FILE_0}\"\n";
			showEnvVarsInLog = 0;
		};
		D556C94F39542C276B946782 /* [CP] Embed Pods Frameworks */ = {
			isa = PBXShellScriptBuildPhase;
			buildActionMask = 2147483647;
			files = (
			);
			inputPaths = (
				"${SRCROOT}/Pods/Target Support Files/Pods-WLMElectronicInvoice/Pods-WLMElectronicInvoice-frameworks.sh",
				"${BUILT_PRODUCTS_DIR}/IQKeyboardManager/IQKeyboardManager.framework",
				"${BUILT_PRODUCTS_DIR}/Masonry/Masonry.framework",
				"${BUILT_PRODUCTS_DIR}/ReactiveObjC/ReactiveObjC.framework",
				"${BUILT_PRODUCTS_DIR}/SDWebImage/SDWebImage.framework",
				"${BUILT_PRODUCTS_DIR}/WLForm/WLForm.framework",
				"${BUILT_PRODUCTS_DIR}/WLIconFont/WLIconFont.framework",
				"${BUILT_PRODUCTS_DIR}/WLModal/WLModal.framework",
				"${BUILT_PRODUCTS_DIR}/WLWidget/WLWidget.framework",
			);
			name = "[CP] Embed Pods Frameworks";
			outputPaths = (
				"${TARGET_BUILD_DIR}/${FRAMEWORKS_FOLDER_PATH}/IQKeyboardManager.framework",
				"${TARGET_BUILD_DIR}/${FRAMEWORKS_FOLDER_PATH}/Masonry.framework",
				"${TARGET_BUILD_DIR}/${FRAMEWORKS_FOLDER_PATH}/ReactiveObjC.framework",
				"${TARGET_BUILD_DIR}/${FRAMEWORKS_FOLDER_PATH}/SDWebImage.framework",
				"${TARGET_BUILD_DIR}/${FRAMEWORKS_FOLDER_PATH}/WLForm.framework",
				"${TARGET_BUILD_DIR}/${FRAMEWORKS_FOLDER_PATH}/WLIconFont.framework",
				"${TARGET_BUILD_DIR}/${FRAMEWORKS_FOLDER_PATH}/WLModal.framework",
				"${TARGET_BUILD_DIR}/${FRAMEWORKS_FOLDER_PATH}/WLWidget.framework",
			);
			runOnlyForDeploymentPostprocessing = 0;
			shellPath = /bin/sh;
			shellScript = "\"${SRCROOT}/Pods/Target Support Files/Pods-WLMElectronicInvoice/Pods-WLMElectronicInvoice-frameworks.sh\"\n";
			showEnvVarsInLog = 0;
		};
/* End PBXShellScriptBuildPhase section */

/* Begin PBXSourcesBuildPhase section */
		9C2646D1209994C8004A4551 /* Sources */ = {
			isa = PBXSourcesBuildPhase;
			buildActionMask = 2147483647;
			files = (
				9C26470520999B59004A4551 /* WLBViewModel.m in Sources */,
				9CC4FEF820A2E75300232074 /* WLMPackageSelectView.m in Sources */,
				9C264774209BF1A2004A4551 /* WLMInvoiceSearchVC.m in Sources */,
				9CC4FF0720A318EB00232074 /* WLMInvoiceApplyResultVC.m in Sources */,
				9C26470620999B59004A4551 /* WLBViewModelServiceImp.m in Sources */,
				9C26470420999B59004A4551 /* WLBViewController.m in Sources */,
				9CC4FEF520A2E70800232074 /* WLMPackageSelectVC.m in Sources */,
				9C2646DD209994C8004A4551 /* ViewController.m in Sources */,
				9CEEA5D420A03E9400673214 /* WLMOpenInvoiceVC.m in Sources */,
				9C26470720999B59004A4551 /* WLBView.m in Sources */,
				9C264771209BF17B004A4551 /* WLMInvoiceManagerListVC.m in Sources */,
				9C264750209AEFE2004A4551 /* WLMInvoiceApplyVC.m in Sources */,
				9C2646E8209994C8004A4551 /* main.m in Sources */,
				9C26476E209BF10D004A4551 /* WLMInvoiceDetailVC.m in Sources */,
				9CEEA5D1209DC10000673214 /* WLMMoreTaxationInfoVC.m in Sources */,
				9CEEA5CE209D9DB900673214 /* WLMFillTaxationInfoVC.m in Sources */,
				9CC4FF0A20A318FD00232074 /* WLMInvoiceApplyResultView.m in Sources */,
				9C2646DA209994C8004A4551 /* AppDelegate.m in Sources */,
				9C264753209AF037004A4551 /* WLMInvoiceApplyVM.m in Sources */,
				9CEEA5D720A05C0E00673214 /* WLMResendInvoiceVC.m in Sources */,
				9C26470320999B59004A4551 /* WLBModel.m in Sources */,
			);
			runOnlyForDeploymentPostprocessing = 0;
		};
/* End PBXSourcesBuildPhase section */

/* Begin PBXVariantGroup section */
		9C2646DE209994C8004A4551 /* Main.storyboard */ = {
			isa = PBXVariantGroup;
			children = (
				9C2646DF209994C8004A4551 /* Base */,
			);
			name = Main.storyboard;
			sourceTree = "<group>";
		};
		9C2646E3209994C8004A4551 /* LaunchScreen.storyboard */ = {
			isa = PBXVariantGroup;
			children = (
				9C2646E4209994C8004A4551 /* Base */,
			);
			name = LaunchScreen.storyboard;
			sourceTree = "<group>";
		};
/* End PBXVariantGroup section */

/* Begin XCBuildConfiguration section */
		9C2646E9209994C8004A4551 /* Debug */ = {
			isa = XCBuildConfiguration;
			buildSettings = {
				ALWAYS_SEARCH_USER_PATHS = NO;
				CLANG_ANALYZER_NONNULL = YES;
				CLANG_ANALYZER_NUMBER_OBJECT_CONVERSION = YES_AGGRESSIVE;
				CLANG_CXX_LANGUAGE_STANDARD = "gnu++14";
				CLANG_CXX_LIBRARY = "libc++";
				CLANG_ENABLE_MODULES = YES;
				CLANG_ENABLE_OBJC_ARC = YES;
				CLANG_WARN_BLOCK_CAPTURE_AUTORELEASING = YES;
				CLANG_WARN_BOOL_CONVERSION = YES;
				CLANG_WARN_COMMA = YES;
				CLANG_WARN_CONSTANT_CONVERSION = YES;
				CLANG_WARN_DIRECT_OBJC_ISA_USAGE = YES_ERROR;
				CLANG_WARN_DOCUMENTATION_COMMENTS = YES;
				CLANG_WARN_EMPTY_BODY = YES;
				CLANG_WARN_ENUM_CONVERSION = YES;
				CLANG_WARN_INFINITE_RECURSION = YES;
				CLANG_WARN_INT_CONVERSION = YES;
				CLANG_WARN_NON_LITERAL_NULL_CONVERSION = YES;
				CLANG_WARN_OBJC_LITERAL_CONVERSION = YES;
				CLANG_WARN_OBJC_ROOT_CLASS = YES_ERROR;
				CLANG_WARN_RANGE_LOOP_ANALYSIS = YES;
				CLANG_WARN_STRICT_PROTOTYPES = YES;
				CLANG_WARN_SUSPICIOUS_MOVE = YES;
				CLANG_WARN_UNGUARDED_AVAILABILITY = YES_AGGRESSIVE;
				CLANG_WARN_UNREACHABLE_CODE = YES;
				CLANG_WARN__DUPLICATE_METHOD_MATCH = YES;
				CODE_SIGN_IDENTITY = "iPhone Developer";
				COPY_PHASE_STRIP = NO;
				DEBUG_INFORMATION_FORMAT = dwarf;
				ENABLE_STRICT_OBJC_MSGSEND = YES;
				ENABLE_TESTABILITY = YES;
				GCC_C_LANGUAGE_STANDARD = gnu11;
				GCC_DYNAMIC_NO_PIC = NO;
				GCC_NO_COMMON_BLOCKS = YES;
				GCC_OPTIMIZATION_LEVEL = 0;
				GCC_PREPROCESSOR_DEFINITIONS = (
					"DEBUG=1",
					"$(inherited)",
				);
				GCC_WARN_64_TO_32_BIT_CONVERSION = YES;
				GCC_WARN_ABOUT_RETURN_TYPE = YES_ERROR;
				GCC_WARN_UNDECLARED_SELECTOR = YES;
				GCC_WARN_UNINITIALIZED_AUTOS = YES_AGGRESSIVE;
				GCC_WARN_UNUSED_FUNCTION = YES;
				GCC_WARN_UNUSED_VARIABLE = YES;
				IPHONEOS_DEPLOYMENT_TARGET = 11.2;
				MTL_ENABLE_DEBUG_INFO = YES;
				ONLY_ACTIVE_ARCH = YES;
				SDKROOT = iphoneos;
			};
			name = Debug;
		};
		9C2646EA209994C8004A4551 /* Release */ = {
			isa = XCBuildConfiguration;
			buildSettings = {
				ALWAYS_SEARCH_USER_PATHS = NO;
				CLANG_ANALYZER_NONNULL = YES;
				CLANG_ANALYZER_NUMBER_OBJECT_CONVERSION = YES_AGGRESSIVE;
				CLANG_CXX_LANGUAGE_STANDARD = "gnu++14";
				CLANG_CXX_LIBRARY = "libc++";
				CLANG_ENABLE_MODULES = YES;
				CLANG_ENABLE_OBJC_ARC = YES;
				CLANG_WARN_BLOCK_CAPTURE_AUTORELEASING = YES;
				CLANG_WARN_BOOL_CONVERSION = YES;
				CLANG_WARN_COMMA = YES;
				CLANG_WARN_CONSTANT_CONVERSION = YES;
				CLANG_WARN_DIRECT_OBJC_ISA_USAGE = YES_ERROR;
				CLANG_WARN_DOCUMENTATION_COMMENTS = YES;
				CLANG_WARN_EMPTY_BODY = YES;
				CLANG_WARN_ENUM_CONVERSION = YES;
				CLANG_WARN_INFINITE_RECURSION = YES;
				CLANG_WARN_INT_CONVERSION = YES;
				CLANG_WARN_NON_LITERAL_NULL_CONVERSION = YES;
				CLANG_WARN_OBJC_LITERAL_CONVERSION = YES;
				CLANG_WARN_OBJC_ROOT_CLASS = YES_ERROR;
				CLANG_WARN_RANGE_LOOP_ANALYSIS = YES;
				CLANG_WARN_STRICT_PROTOTYPES = YES;
				CLANG_WARN_SUSPICIOUS_MOVE = YES;
				CLANG_WARN_UNGUARDED_AVAILABILITY = YES_AGGRESSIVE;
				CLANG_WARN_UNREACHABLE_CODE = YES;
				CLANG_WARN__DUPLICATE_METHOD_MATCH = YES;
				CODE_SIGN_IDENTITY = "iPhone Developer";
				COPY_PHASE_STRIP = NO;
				DEBUG_INFORMATION_FORMAT = "dwarf-with-dsym";
				ENABLE_NS_ASSERTIONS = NO;
				ENABLE_STRICT_OBJC_MSGSEND = YES;
				GCC_C_LANGUAGE_STANDARD = gnu11;
				GCC_NO_COMMON_BLOCKS = YES;
				GCC_WARN_64_TO_32_BIT_CONVERSION = YES;
				GCC_WARN_ABOUT_RETURN_TYPE = YES_ERROR;
				GCC_WARN_UNDECLARED_SELECTOR = YES;
				GCC_WARN_UNINITIALIZED_AUTOS = YES_AGGRESSIVE;
				GCC_WARN_UNUSED_FUNCTION = YES;
				GCC_WARN_UNUSED_VARIABLE = YES;
				IPHONEOS_DEPLOYMENT_TARGET = 11.2;
				MTL_ENABLE_DEBUG_INFO = NO;
				SDKROOT = iphoneos;
				VALIDATE_PRODUCT = YES;
			};
			name = Release;
		};
		9C2646EC209994C8004A4551 /* Debug */ = {
			isa = XCBuildConfiguration;
			baseConfigurationReference = 8EC5F3AAC5E149448B9054F5 /* Pods-WLMElectronicInvoice.debug.xcconfig */;
			buildSettings = {
				ASSETCATALOG_COMPILER_APPICON_NAME = AppIcon;
				CODE_SIGN_STYLE = Automatic;
				GCC_PREFIX_HEADER = "$(SRCROOT)/WLMElectronicInvoice/WLMElectronicInvoice.pch";
				INFOPLIST_FILE = WLMElectronicInvoice/Info.plist;
				IPHONEOS_DEPLOYMENT_TARGET = 8.0;
				LD_RUNPATH_SEARCH_PATHS = "$(inherited) @executable_path/Frameworks";
				PRODUCT_BUNDLE_IDENTIFIER = qianbao.WLMElectronicInvoice;
				PRODUCT_NAME = "$(TARGET_NAME)";
				TARGETED_DEVICE_FAMILY = 1;
			};
			name = Debug;
		};
		9C2646ED209994C8004A4551 /* Release */ = {
			isa = XCBuildConfiguration;
			baseConfigurationReference = 0C58E3E41CE2B24BB6F43768 /* Pods-WLMElectronicInvoice.release.xcconfig */;
			buildSettings = {
				ASSETCATALOG_COMPILER_APPICON_NAME = AppIcon;
				CODE_SIGN_STYLE = Automatic;
				GCC_PREFIX_HEADER = "$(SRCROOT)/WLMElectronicInvoice/WLMElectronicInvoice.pch";
				INFOPLIST_FILE = WLMElectronicInvoice/Info.plist;
				IPHONEOS_DEPLOYMENT_TARGET = 8.0;
				LD_RUNPATH_SEARCH_PATHS = "$(inherited) @executable_path/Frameworks";
				PRODUCT_BUNDLE_IDENTIFIER = qianbao.WLMElectronicInvoice;
				PRODUCT_NAME = "$(TARGET_NAME)";
				TARGETED_DEVICE_FAMILY = 1;
			};
			name = Release;
		};
/* End XCBuildConfiguration section */

/* Begin XCConfigurationList section */
		9C2646D0209994C8004A4551 /* Build configuration list for PBXProject "WLMElectronicInvoice" */ = {
			isa = XCConfigurationList;
			buildConfigurations = (
				9C2646E9209994C8004A4551 /* Debug */,
				9C2646EA209994C8004A4551 /* Release */,
			);
			defaultConfigurationIsVisible = 0;
			defaultConfigurationName = Release;
		};
		9C2646EB209994C8004A4551 /* Build configuration list for PBXNativeTarget "WLMElectronicInvoice" */ = {
			isa = XCConfigurationList;
			buildConfigurations = (
				9C2646EC209994C8004A4551 /* Debug */,
				9C2646ED209994C8004A4551 /* Release */,
			);
			defaultConfigurationIsVisible = 0;
			defaultConfigurationName = Release;
		};
/* End XCConfigurationList section */
	};
	rootObject = 9C2646CD209994C8004A4551 /* Project object */;
}
