// !$*UTF8*$!
{
	archiveVersion = 1;
	classes = {
	};
	objectVersion = 48;
	objects = {

/* Begin PBXBuildFile section */
		049DDF5D20AEE82100F22E06 /* WLMInvoiceQRCodeListVC.m in Sources */ = {isa = PBXBuildFile; fileRef = 049DDF5320AEE82100F22E06 /* WLMInvoiceQRCodeListVC.m */; };
		049DDF5E20AEE82100F22E06 /* InvoiceCollectionReusableView.m in Sources */ = {isa = PBXBuildFile; fileRef = 049DDF5720AEE82100F22E06 /* InvoiceCollectionReusableView.m */; };
		049DDF5F20AEE82100F22E06 /* InvoiceQRCodeCell.m in Sources */ = {isa = PBXBuildFile; fileRef = 049DDF5920AEE82100F22E06 /* InvoiceQRCodeCell.m */; };
		049DDF6020AEE82100F22E06 /* InvoiceScanHeadView.m in Sources */ = {isa = PBXBuildFile; fileRef = 049DDF5B20AEE82100F22E06 /* InvoiceScanHeadView.m */; };
		049DDF6520B4475C00F22E06 /* WLMInvoiceConfirmView.m in Sources */ = {isa = PBXBuildFile; fileRef = 049DDF6120B4475B00F22E06 /* WLMInvoiceConfirmView.m */; };
		049DDF6620B4475C00F22E06 /* WLMQRScanVC.m in Sources */ = {isa = PBXBuildFile; fileRef = 049DDF6420B4475C00F22E06 /* WLMQRScanVC.m */; };
		049DDF6A20B447F400F22E06 /* QRCodeUtil.m in Sources */ = {isa = PBXBuildFile; fileRef = 049DDF6920B447F400F22E06 /* QRCodeUtil.m */; };
		50AA9FC5E70CCF584D47605D /* Pods_WLMElectronicInvoice.framework in Frameworks */ = {isa = PBXBuildFile; fileRef = 58614F4727A6F4189F29ACDC /* Pods_WLMElectronicInvoice.framework */; };
		9C13035220AD24D5009BED8E /* WLMSelectedApplyMerchantModel.m in Sources */ = {isa = PBXBuildFile; fileRef = 9C13035120AD24D5009BED8E /* WLMSelectedApplyMerchantModel.m */; };
		9C140A9F20ABBFFC006E6747 /* WLMEInvoiceProtocolVC.m in Sources */ = {isa = PBXBuildFile; fileRef = 9C140A9E20ABBFFC006E6747 /* WLMEInvoiceProtocolVC.m */; };
		9C140AA520ABC1AF006E6747 /* WLMEInvoicePreviewVC.m in Sources */ = {isa = PBXBuildFile; fileRef = 9C140AA420ABC1AF006E6747 /* WLMEInvoicePreviewVC.m */; };
		9C140AA820ABC1C3006E6747 /* WLMEInvoiceIntroduceVC.m in Sources */ = {isa = PBXBuildFile; fileRef = 9C140AA720ABC1C3006E6747 /* WLMEInvoiceIntroduceVC.m */; };
		9C140ABD20AC4ECB006E6747 /* WLMSelectedApplyMerchantVM.m in Sources */ = {isa = PBXBuildFile; fileRef = 9C140ABC20AC4ECB006E6747 /* WLMSelectedApplyMerchantVM.m */; };
		9C140AC020AC4EE7006E6747 /* WLMSelectApplyMerchantVC.m in Sources */ = {isa = PBXBuildFile; fileRef = 9C140ABF20AC4EE7006E6747 /* WLMSelectApplyMerchantVC.m */; };
		9C140AC320AC576F006E6747 /* WLMFillTaxationInfoVM.m in Sources */ = {isa = PBXBuildFile; fileRef = 9C140AC220AC576F006E6747 /* WLMFillTaxationInfoVM.m */; };
		9C140AC620AC5789006E6747 /* WLMMoreTaxationInfoVM.m in Sources */ = {isa = PBXBuildFile; fileRef = 9C140AC520AC5789006E6747 /* WLMMoreTaxationInfoVM.m */; };
		9C140AC920AC57F6006E6747 /* WLMPackageSelectVM.m in Sources */ = {isa = PBXBuildFile; fileRef = 9C140AC820AC57F6006E6747 /* WLMPackageSelectVM.m */; };
		9C140ACC20AC592E006E6747 /* WLMEInvoiceIntroduceVM.m in Sources */ = {isa = PBXBuildFile; fileRef = 9C140ACB20AC592E006E6747 /* WLMEInvoiceIntroduceVM.m */; };
		9C1C0EE620B2B1D000FD6857 /* WLMInvoiceResultModel.m in Sources */ = {isa = PBXBuildFile; fileRef = 9C1C0EE520B2B1D000FD6857 /* WLMInvoiceResultModel.m */; };
		9C1C0EF420B2BE4900FD6857 /* WLMInvoiceResultVM.m in Sources */ = {isa = PBXBuildFile; fileRef = 9C1C0EF220B2BE4900FD6857 /* WLMInvoiceResultVM.m */; };
		9C239E9020BEDF0900F2C3AD /* line@3x.png in Resources */ = {isa = PBXBuildFile; fileRef = 9C239E8F20BEDF0900F2C3AD /* line@3x.png */; };
		9C239E9220BEDF4E00F2C3AD /* Assets.xcassets in Resources */ = {isa = PBXBuildFile; fileRef = 9C239E9120BEDF4E00F2C3AD /* Assets.xcassets */; };
		9C239E9420BEDF7800F2C3AD /* pick_bg@3x.png in Resources */ = {isa = PBXBuildFile; fileRef = 9C239E9320BEDF7700F2C3AD /* pick_bg@3x.png */; };
		9C2518FC20AAE1FB00E0B93B /* invoice_apply_success@2x.png in Resources */ = {isa = PBXBuildFile; fileRef = 9C2518FA20AAE1FB00E0B93B /* invoice_apply_success@2x.png */; };
		9C2518FD20AAE1FB00E0B93B /* invoice_apply_success@3x.png in Resources */ = {isa = PBXBuildFile; fileRef = 9C2518FB20AAE1FB00E0B93B /* invoice_apply_success@3x.png */; };
		9C2518FF20AAE25400E0B93B /* invoice_apply_shadow@3x.png in Resources */ = {isa = PBXBuildFile; fileRef = 9C2518FE20AAE25400E0B93B /* invoice_apply_shadow@3x.png */; };
		9C25190120AAE29600E0B93B /* invoice_apply_shadow@2x.png in Resources */ = {isa = PBXBuildFile; fileRef = 9C25190020AAE29600E0B93B /* invoice_apply_shadow@2x.png */; };
		9C25190420AAEBEF00E0B93B /* sawtooth@3x.png in Resources */ = {isa = PBXBuildFile; fileRef = 9C25190220AAEBEF00E0B93B /* sawtooth@3x.png */; };
		9C25190520AAEBEF00E0B93B /* sawtooth@2x.png in Resources */ = {isa = PBXBuildFile; fileRef = 9C25190320AAEBEF00E0B93B /* sawtooth@2x.png */; };
		9C2646DA209994C8004A4551 /* AppDelegate.m in Sources */ = {isa = PBXBuildFile; fileRef = 9C2646D9209994C8004A4551 /* AppDelegate.m */; };
		9C2646DD209994C8004A4551 /* ViewController.m in Sources */ = {isa = PBXBuildFile; fileRef = 9C2646DC209994C8004A4551 /* ViewController.m */; };
		9C2646E0209994C8004A4551 /* Main.storyboard in Resources */ = {isa = PBXBuildFile; fileRef = 9C2646DE209994C8004A4551 /* Main.storyboard */; };
		9C2646E5209994C8004A4551 /* LaunchScreen.storyboard in Resources */ = {isa = PBXBuildFile; fileRef = 9C2646E3209994C8004A4551 /* LaunchScreen.storyboard */; };
		9C2646E8209994C8004A4551 /* main.m in Sources */ = {isa = PBXBuildFile; fileRef = 9C2646E7209994C8004A4551 /* main.m */; };
		9C264750209AEFE2004A4551 /* WLMInvoiceApplyVC.m in Sources */ = {isa = PBXBuildFile; fileRef = 9C26474F209AEFE2004A4551 /* WLMInvoiceApplyVC.m */; };
		9C264753209AF037004A4551 /* WLMInvoiceApplyVM.m in Sources */ = {isa = PBXBuildFile; fileRef = 9C264752209AF037004A4551 /* WLMInvoiceApplyVM.m */; };
		9C26476E209BF10D004A4551 /* WLMInvoiceDetailVC.m in Sources */ = {isa = PBXBuildFile; fileRef = 9C26476D209BF10D004A4551 /* WLMInvoiceDetailVC.m */; };
		9C5022C720B428010024BF01 /* WLMElectronicInvoiceRouter.m in Sources */ = {isa = PBXBuildFile; fileRef = 9C5022C620B428010024BF01 /* WLMElectronicInvoiceRouter.m */; };
		9C5022EA20B5180D0024BF01 /* einvoice_mange_sample@2x.png in Resources */ = {isa = PBXBuildFile; fileRef = 9C5022E820B5180D0024BF01 /* einvoice_mange_sample@2x.png */; };
		9C5022EB20B5180D0024BF01 /* einvoice_mange_sample@3x.png in Resources */ = {isa = PBXBuildFile; fileRef = 9C5022E920B5180D0024BF01 /* einvoice_mange_sample@3x.png */; };
		9C5022F620B518290024BF01 /* einvoice_package_info@3x.png in Resources */ = {isa = PBXBuildFile; fileRef = 9C5022F420B518290024BF01 /* einvoice_package_info@3x.png */; };
		9C5022F720B518290024BF01 /* einvoice_package_info@2x.png in Resources */ = {isa = PBXBuildFile; fileRef = 9C5022F520B518290024BF01 /* einvoice_package_info@2x.png */; };
		9C5022FD20B518450024BF01 /* line@2x.png in Resources */ = {isa = PBXBuildFile; fileRef = 9C5022FC20B518440024BF01 /* line@2x.png */; };
		9C5022FF20B5184B0024BF01 /* pick_bg@2x.png in Resources */ = {isa = PBXBuildFile; fileRef = 9C5022FE20B5184A0024BF01 /* pick_bg@2x.png */; };
		9C50230620B518600024BF01 /* filter_state_normal@2x.png in Resources */ = {isa = PBXBuildFile; fileRef = 9C50230420B518600024BF01 /* filter_state_normal@2x.png */; };
		9C50230720B518600024BF01 /* filter_state_normal@3x.png in Resources */ = {isa = PBXBuildFile; fileRef = 9C50230520B518600024BF01 /* filter_state_normal@3x.png */; };
		9C50230A20B518680024BF01 /* filter_state_selected@2x.png in Resources */ = {isa = PBXBuildFile; fileRef = 9C50230820B518680024BF01 /* filter_state_selected@2x.png */; };
		9C50230B20B518680024BF01 /* filter_state_selected@3x.png in Resources */ = {isa = PBXBuildFile; fileRef = 9C50230920B518680024BF01 /* filter_state_selected@3x.png */; };
		9C50233B20BBCDA50024BF01 /* WLMSearchInvoiceItemVC.m in Sources */ = {isa = PBXBuildFile; fileRef = 9C50233A20BBCDA50024BF01 /* WLMSearchInvoiceItemVC.m */; };
		9C50234120BBCEE80024BF01 /* WLMInvoiceItemCell.m in Sources */ = {isa = PBXBuildFile; fileRef = 9C50234020BBCEE80024BF01 /* WLMInvoiceItemCell.m */; };
		9C50234420BBD1120024BF01 /* WLMSelectInvoiceItemModel.m in Sources */ = {isa = PBXBuildFile; fileRef = 9C50234320BBD1120024BF01 /* WLMSelectInvoiceItemModel.m */; };
		9C50234720BBF7DF0024BF01 /* WLMInvoiceRecordModel.m in Sources */ = {isa = PBXBuildFile; fileRef = 9C50234620BBF7DF0024BF01 /* WLMInvoiceRecordModel.m */; };
		9C9C473920A52B4A0023F02E /* WLMInvoiceDetailHeaderView.m in Sources */ = {isa = PBXBuildFile; fileRef = 9C9C473820A52B4A0023F02E /* WLMInvoiceDetailHeaderView.m */; };
		9C9C473C20A52B6D0023F02E /* WLMInvoiceDetailInfoView.m in Sources */ = {isa = PBXBuildFile; fileRef = 9C9C473B20A52B6D0023F02E /* WLMInvoiceDetailInfoView.m */; };
		9CA4032820ADAB7C00E4AA51 /* WLMResendInvoiceVM.m in Sources */ = {isa = PBXBuildFile; fileRef = 9CA4032720ADAB7C00E4AA51 /* WLMResendInvoiceVM.m */; };
		9CA4037520AEE0BE00E4AA51 /* ImageTextField.m in Sources */ = {isa = PBXBuildFile; fileRef = 9CA4037020AEE0BE00E4AA51 /* ImageTextField.m */; };
		9CA4037620AEE0BE00E4AA51 /* HMSegmentedControl.m in Sources */ = {isa = PBXBuildFile; fileRef = 9CA4037320AEE0BE00E4AA51 /* HMSegmentedControl.m */; };
		9CA4039220AEE0E300E4AA51 /* WLMRecordFiltrVC.m in Sources */ = {isa = PBXBuildFile; fileRef = 9CA4037A20AEE0E300E4AA51 /* WLMRecordFiltrVC.m */; };
		9CA4039320AEE0E300E4AA51 /* WLMRequirementListVC.m in Sources */ = {isa = PBXBuildFile; fileRef = 9CA4037F20AEE0E300E4AA51 /* WLMRequirementListVC.m */; };
		9CA4039420AEE0E300E4AA51 /* WLMRecordListVC.m in Sources */ = {isa = PBXBuildFile; fileRef = 9CA4038220AEE0E300E4AA51 /* WLMRecordListVC.m */; };
		9CA4039520AEE0E300E4AA51 /* WLMPackageInfoVC.m in Sources */ = {isa = PBXBuildFile; fileRef = 9CA4038320AEE0E300E4AA51 /* WLMPackageInfoVC.m */; };
		9CA4039720AEE0E300E4AA51 /* WLMRequirementListCell.m in Sources */ = {isa = PBXBuildFile; fileRef = 9CA4038920AEE0E300E4AA51 /* WLMRequirementListCell.m */; };
		9CA4039820AEE0E300E4AA51 /* WLMInvoiceRecprdFooterView.m in Sources */ = {isa = PBXBuildFile; fileRef = 9CA4038B20AEE0E300E4AA51 /* WLMInvoiceRecprdFooterView.m */; };
		9CA4039920AEE0E300E4AA51 /* WLMRecordListCell.m in Sources */ = {isa = PBXBuildFile; fileRef = 9CA4038C20AEE0E300E4AA51 /* WLMRecordListCell.m */; };
		9CA4039B20AEE0E300E4AA51 /* WLMEInvoiceFilterView.m in Sources */ = {isa = PBXBuildFile; fileRef = 9CA4039020AEE0E300E4AA51 /* WLMEInvoiceFilterView.m */; };
		9CA403A720AEE19000E4AA51 /* WLMRecordSearchVC.m in Sources */ = {isa = PBXBuildFile; fileRef = 9CA403A520AEE18F00E4AA51 /* WLMRecordSearchVC.m */; };
		9CA403AA20AEE22300E4AA51 /* WLCircleProgressView.m in Sources */ = {isa = PBXBuildFile; fileRef = 9CA403A920AEE22300E4AA51 /* WLCircleProgressView.m */; };
		9CA403AD20AEE27300E4AA51 /* WLMInvoiceManagerListVC.m in Sources */ = {isa = PBXBuildFile; fileRef = 9CA403AB20AEE27300E4AA51 /* WLMInvoiceManagerListVC.m */; };
		9CA403B020AEE2C400E4AA51 /* WLMOpenInvoiceVC.m in Sources */ = {isa = PBXBuildFile; fileRef = 9CA403AF20AEE2C300E4AA51 /* WLMOpenInvoiceVC.m */; };
		9CC4FEF520A2E70800232074 /* WLMPackageSelectVC.m in Sources */ = {isa = PBXBuildFile; fileRef = 9CC4FEF420A2E70800232074 /* WLMPackageSelectVC.m */; };
		9CC4FEF820A2E75300232074 /* WLMPackageSelectView.m in Sources */ = {isa = PBXBuildFile; fileRef = 9CC4FEF720A2E75300232074 /* WLMPackageSelectView.m */; };
		9CC4FEFF20A2FADD00232074 /* middle@3x.png in Resources */ = {isa = PBXBuildFile; fileRef = 9CC4FEF920A2FADC00232074 /* middle@3x.png */; };
		9CC4FF0020A2FADD00232074 /* normal@2x.png in Resources */ = {isa = PBXBuildFile; fileRef = 9CC4FEFA20A2FADC00232074 /* normal@2x.png */; };
		9CC4FF0120A2FADD00232074 /* big@2x.png in Resources */ = {isa = PBXBuildFile; fileRef = 9CC4FEFB20A2FADC00232074 /* big@2x.png */; };
		9CC4FF0220A2FADD00232074 /* big@3x.png in Resources */ = {isa = PBXBuildFile; fileRef = 9CC4FEFC20A2FADD00232074 /* big@3x.png */; };
		9CC4FF0320A2FADD00232074 /* normal@3x.png in Resources */ = {isa = PBXBuildFile; fileRef = 9CC4FEFD20A2FADD00232074 /* normal@3x.png */; };
		9CC4FF0420A2FADD00232074 /* middle@2x.png in Resources */ = {isa = PBXBuildFile; fileRef = 9CC4FEFE20A2FADD00232074 /* middle@2x.png */; };
		9CC4FF0720A318EB00232074 /* WLMInvoiceApplyResultVC.m in Sources */ = {isa = PBXBuildFile; fileRef = 9CC4FF0620A318EB00232074 /* WLMInvoiceApplyResultVC.m */; };
		9CC4FF0A20A318FD00232074 /* WLMInvoiceApplyResultView.m in Sources */ = {isa = PBXBuildFile; fileRef = 9CC4FF0920A318FD00232074 /* WLMInvoiceApplyResultView.m */; };
		9CC4FF8520A43C4F00232074 /* WLMSelectApplyMerchantCell.m in Sources */ = {isa = PBXBuildFile; fileRef = 9CC4FF8420A43C4F00232074 /* WLMSelectApplyMerchantCell.m */; };
		9CEEA5CE209D9DB900673214 /* WLMFillTaxationInfoVC.m in Sources */ = {isa = PBXBuildFile; fileRef = 9CEEA5CD209D9DB900673214 /* WLMFillTaxationInfoVC.m */; };
		9CEEA5D1209DC10000673214 /* WLMMoreTaxationInfoVC.m in Sources */ = {isa = PBXBuildFile; fileRef = 9CEEA5D0209DC10000673214 /* WLMMoreTaxationInfoVC.m */; };
		9CEEA5D720A05C0E00673214 /* WLMResendInvoiceVC.m in Sources */ = {isa = PBXBuildFile; fileRef = 9CEEA5D620A05C0E00673214 /* WLMResendInvoiceVC.m */; };
/* End PBXBuildFile section */

/* Begin PBXFileReference section */
		049DDF5220AEE82100F22E06 /* WLMInvoiceQRCodeListVC.h */ = {isa = PBXFileReference; fileEncoding = 4; lastKnownFileType = sourcecode.c.h; path = WLMInvoiceQRCodeListVC.h; sourceTree = "<group>"; };
		049DDF5320AEE82100F22E06 /* WLMInvoiceQRCodeListVC.m */ = {isa = PBXFileReference; fileEncoding = 4; lastKnownFileType = sourcecode.c.objc; path = WLMInvoiceQRCodeListVC.m; sourceTree = "<group>"; };
		049DDF5620AEE82100F22E06 /* InvoiceCollectionReusableView.h */ = {isa = PBXFileReference; fileEncoding = 4; lastKnownFileType = sourcecode.c.h; path = InvoiceCollectionReusableView.h; sourceTree = "<group>"; };
		049DDF5720AEE82100F22E06 /* InvoiceCollectionReusableView.m */ = {isa = PBXFileReference; fileEncoding = 4; lastKnownFileType = sourcecode.c.objc; path = InvoiceCollectionReusableView.m; sourceTree = "<group>"; };
		049DDF5820AEE82100F22E06 /* InvoiceQRCodeCell.h */ = {isa = PBXFileReference; fileEncoding = 4; lastKnownFileType = sourcecode.c.h; path = InvoiceQRCodeCell.h; sourceTree = "<group>"; };
		049DDF5920AEE82100F22E06 /* InvoiceQRCodeCell.m */ = {isa = PBXFileReference; fileEncoding = 4; lastKnownFileType = sourcecode.c.objc; path = InvoiceQRCodeCell.m; sourceTree = "<group>"; };
		049DDF5A20AEE82100F22E06 /* InvoiceScanHeadView.h */ = {isa = PBXFileReference; fileEncoding = 4; lastKnownFileType = sourcecode.c.h; path = InvoiceScanHeadView.h; sourceTree = "<group>"; };
		049DDF5B20AEE82100F22E06 /* InvoiceScanHeadView.m */ = {isa = PBXFileReference; fileEncoding = 4; lastKnownFileType = sourcecode.c.objc; path = InvoiceScanHeadView.m; sourceTree = "<group>"; };
		049DDF6120B4475B00F22E06 /* WLMInvoiceConfirmView.m */ = {isa = PBXFileReference; fileEncoding = 4; lastKnownFileType = sourcecode.c.objc; path = WLMInvoiceConfirmView.m; sourceTree = "<group>"; };
		049DDF6220B4475C00F22E06 /* WLMQRScanVC.h */ = {isa = PBXFileReference; fileEncoding = 4; lastKnownFileType = sourcecode.c.h; path = WLMQRScanVC.h; sourceTree = "<group>"; };
		049DDF6320B4475C00F22E06 /* WLMInvoiceConfirmView.h */ = {isa = PBXFileReference; fileEncoding = 4; lastKnownFileType = sourcecode.c.h; path = WLMInvoiceConfirmView.h; sourceTree = "<group>"; };
		049DDF6420B4475C00F22E06 /* WLMQRScanVC.m */ = {isa = PBXFileReference; fileEncoding = 4; lastKnownFileType = sourcecode.c.objc; path = WLMQRScanVC.m; sourceTree = "<group>"; };
		049DDF6820B447F400F22E06 /* QRCodeUtil.h */ = {isa = PBXFileReference; fileEncoding = 4; lastKnownFileType = sourcecode.c.h; path = QRCodeUtil.h; sourceTree = "<group>"; };
		049DDF6920B447F400F22E06 /* QRCodeUtil.m */ = {isa = PBXFileReference; fileEncoding = 4; lastKnownFileType = sourcecode.c.objc; path = QRCodeUtil.m; sourceTree = "<group>"; };
		0C58E3E41CE2B24BB6F43768 /* Pods-WLMElectronicInvoice.release.xcconfig */ = {isa = PBXFileReference; includeInIndex = 1; lastKnownFileType = text.xcconfig; name = "Pods-WLMElectronicInvoice.release.xcconfig"; path = "Pods/Target Support Files/Pods-WLMElectronicInvoice/Pods-WLMElectronicInvoice.release.xcconfig"; sourceTree = "<group>"; };
		58614F4727A6F4189F29ACDC /* Pods_WLMElectronicInvoice.framework */ = {isa = PBXFileReference; explicitFileType = wrapper.framework; includeInIndex = 0; path = Pods_WLMElectronicInvoice.framework; sourceTree = BUILT_PRODUCTS_DIR; };
		8EC5F3AAC5E149448B9054F5 /* Pods-WLMElectronicInvoice.debug.xcconfig */ = {isa = PBXFileReference; includeInIndex = 1; lastKnownFileType = text.xcconfig; name = "Pods-WLMElectronicInvoice.debug.xcconfig"; path = "Pods/Target Support Files/Pods-WLMElectronicInvoice/Pods-WLMElectronicInvoice.debug.xcconfig"; sourceTree = "<group>"; };
		9C13035020AD24D5009BED8E /* WLMSelectedApplyMerchantModel.h */ = {isa = PBXFileReference; lastKnownFileType = sourcecode.c.h; path = WLMSelectedApplyMerchantModel.h; sourceTree = "<group>"; };
		9C13035120AD24D5009BED8E /* WLMSelectedApplyMerchantModel.m */ = {isa = PBXFileReference; lastKnownFileType = sourcecode.c.objc; path = WLMSelectedApplyMerchantModel.m; sourceTree = "<group>"; };
		9C140A9D20ABBFFC006E6747 /* WLMEInvoiceProtocolVC.h */ = {isa = PBXFileReference; lastKnownFileType = sourcecode.c.h; path = WLMEInvoiceProtocolVC.h; sourceTree = "<group>"; };
		9C140A9E20ABBFFC006E6747 /* WLMEInvoiceProtocolVC.m */ = {isa = PBXFileReference; lastKnownFileType = sourcecode.c.objc; path = WLMEInvoiceProtocolVC.m; sourceTree = "<group>"; };
		9C140AA320ABC1AF006E6747 /* WLMEInvoicePreviewVC.h */ = {isa = PBXFileReference; lastKnownFileType = sourcecode.c.h; path = WLMEInvoicePreviewVC.h; sourceTree = "<group>"; };
		9C140AA420ABC1AF006E6747 /* WLMEInvoicePreviewVC.m */ = {isa = PBXFileReference; lastKnownFileType = sourcecode.c.objc; path = WLMEInvoicePreviewVC.m; sourceTree = "<group>"; };
		9C140AA620ABC1C3006E6747 /* WLMEInvoiceIntroduceVC.h */ = {isa = PBXFileReference; lastKnownFileType = sourcecode.c.h; path = WLMEInvoiceIntroduceVC.h; sourceTree = "<group>"; };
		9C140AA720ABC1C3006E6747 /* WLMEInvoiceIntroduceVC.m */ = {isa = PBXFileReference; lastKnownFileType = sourcecode.c.objc; path = WLMEInvoiceIntroduceVC.m; sourceTree = "<group>"; };
		9C140ABB20AC4ECB006E6747 /* WLMSelectedApplyMerchantVM.h */ = {isa = PBXFileReference; lastKnownFileType = sourcecode.c.h; path = WLMSelectedApplyMerchantVM.h; sourceTree = "<group>"; };
		9C140ABC20AC4ECB006E6747 /* WLMSelectedApplyMerchantVM.m */ = {isa = PBXFileReference; lastKnownFileType = sourcecode.c.objc; path = WLMSelectedApplyMerchantVM.m; sourceTree = "<group>"; };
		9C140ABE20AC4EE7006E6747 /* WLMSelectApplyMerchantVC.h */ = {isa = PBXFileReference; lastKnownFileType = sourcecode.c.h; path = WLMSelectApplyMerchantVC.h; sourceTree = "<group>"; };
		9C140ABF20AC4EE7006E6747 /* WLMSelectApplyMerchantVC.m */ = {isa = PBXFileReference; lastKnownFileType = sourcecode.c.objc; path = WLMSelectApplyMerchantVC.m; sourceTree = "<group>"; };
		9C140AC120AC576F006E6747 /* WLMFillTaxationInfoVM.h */ = {isa = PBXFileReference; lastKnownFileType = sourcecode.c.h; path = WLMFillTaxationInfoVM.h; sourceTree = "<group>"; };
		9C140AC220AC576F006E6747 /* WLMFillTaxationInfoVM.m */ = {isa = PBXFileReference; lastKnownFileType = sourcecode.c.objc; path = WLMFillTaxationInfoVM.m; sourceTree = "<group>"; };
		9C140AC420AC5789006E6747 /* WLMMoreTaxationInfoVM.h */ = {isa = PBXFileReference; lastKnownFileType = sourcecode.c.h; path = WLMMoreTaxationInfoVM.h; sourceTree = "<group>"; };
		9C140AC520AC5789006E6747 /* WLMMoreTaxationInfoVM.m */ = {isa = PBXFileReference; lastKnownFileType = sourcecode.c.objc; path = WLMMoreTaxationInfoVM.m; sourceTree = "<group>"; };
		9C140AC720AC57F6006E6747 /* WLMPackageSelectVM.h */ = {isa = PBXFileReference; lastKnownFileType = sourcecode.c.h; path = WLMPackageSelectVM.h; sourceTree = "<group>"; };
		9C140AC820AC57F6006E6747 /* WLMPackageSelectVM.m */ = {isa = PBXFileReference; lastKnownFileType = sourcecode.c.objc; path = WLMPackageSelectVM.m; sourceTree = "<group>"; };
		9C140ACA20AC592E006E6747 /* WLMEInvoiceIntroduceVM.h */ = {isa = PBXFileReference; lastKnownFileType = sourcecode.c.h; path = WLMEInvoiceIntroduceVM.h; sourceTree = "<group>"; };
		9C140ACB20AC592E006E6747 /* WLMEInvoiceIntroduceVM.m */ = {isa = PBXFileReference; lastKnownFileType = sourcecode.c.objc; path = WLMEInvoiceIntroduceVM.m; sourceTree = "<group>"; };
		9C1C0EE420B2B1D000FD6857 /* WLMInvoiceResultModel.h */ = {isa = PBXFileReference; lastKnownFileType = sourcecode.c.h; path = WLMInvoiceResultModel.h; sourceTree = "<group>"; };
		9C1C0EE520B2B1D000FD6857 /* WLMInvoiceResultModel.m */ = {isa = PBXFileReference; lastKnownFileType = sourcecode.c.objc; path = WLMInvoiceResultModel.m; sourceTree = "<group>"; };
		9C1C0EF220B2BE4900FD6857 /* WLMInvoiceResultVM.m */ = {isa = PBXFileReference; fileEncoding = 4; lastKnownFileType = sourcecode.c.objc; path = WLMInvoiceResultVM.m; sourceTree = "<group>"; };
		9C1C0EF320B2BE4900FD6857 /* WLMInvoiceResultVM.h */ = {isa = PBXFileReference; fileEncoding = 4; lastKnownFileType = sourcecode.c.h; path = WLMInvoiceResultVM.h; sourceTree = "<group>"; };
		9C239E8F20BEDF0900F2C3AD /* line@3x.png */ = {isa = PBXFileReference; lastKnownFileType = image.png; path = "line@3x.png"; sourceTree = "<group>"; };
		9C239E9120BEDF4E00F2C3AD /* Assets.xcassets */ = {isa = PBXFileReference; lastKnownFileType = folder.assetcatalog; name = Assets.xcassets; path = ../../../../../.Trash/Assets.xcassets; sourceTree = "<group>"; };
		9C239E9320BEDF7700F2C3AD /* pick_bg@3x.png */ = {isa = PBXFileReference; lastKnownFileType = image.png; path = "pick_bg@3x.png"; sourceTree = "<group>"; };
		9C2518FA20AAE1FB00E0B93B /* invoice_apply_success@2x.png */ = {isa = PBXFileReference; lastKnownFileType = image.png; path = "invoice_apply_success@2x.png"; sourceTree = "<group>"; };
		9C2518FB20AAE1FB00E0B93B /* invoice_apply_success@3x.png */ = {isa = PBXFileReference; lastKnownFileType = image.png; path = "invoice_apply_success@3x.png"; sourceTree = "<group>"; };
		9C2518FE20AAE25400E0B93B /* invoice_apply_shadow@3x.png */ = {isa = PBXFileReference; lastKnownFileType = image.png; path = "invoice_apply_shadow@3x.png"; sourceTree = "<group>"; };
		9C25190020AAE29600E0B93B /* invoice_apply_shadow@2x.png */ = {isa = PBXFileReference; lastKnownFileType = image.png; path = "invoice_apply_shadow@2x.png"; sourceTree = "<group>"; };
		9C25190220AAEBEF00E0B93B /* sawtooth@3x.png */ = {isa = PBXFileReference; lastKnownFileType = image.png; path = "sawtooth@3x.png"; sourceTree = "<group>"; };
		9C25190320AAEBEF00E0B93B /* sawtooth@2x.png */ = {isa = PBXFileReference; lastKnownFileType = image.png; path = "sawtooth@2x.png"; sourceTree = "<group>"; };
		9C2646D5209994C8004A4551 /* WLMElectronicInvoice.app */ = {isa = PBXFileReference; explicitFileType = wrapper.application; includeInIndex = 0; path = WLMElectronicInvoice.app; sourceTree = BUILT_PRODUCTS_DIR; };
		9C2646D8209994C8004A4551 /* AppDelegate.h */ = {isa = PBXFileReference; lastKnownFileType = sourcecode.c.h; path = AppDelegate.h; sourceTree = "<group>"; };
		9C2646D9209994C8004A4551 /* AppDelegate.m */ = {isa = PBXFileReference; lastKnownFileType = sourcecode.c.objc; path = AppDelegate.m; sourceTree = "<group>"; };
		9C2646DB209994C8004A4551 /* ViewController.h */ = {isa = PBXFileReference; lastKnownFileType = sourcecode.c.h; path = ViewController.h; sourceTree = "<group>"; };
		9C2646DC209994C8004A4551 /* ViewController.m */ = {isa = PBXFileReference; lastKnownFileType = sourcecode.c.objc; path = ViewController.m; sourceTree = "<group>"; };
		9C2646DF209994C8004A4551 /* Base */ = {isa = PBXFileReference; lastKnownFileType = file.storyboard; name = Base; path = Base.lproj/Main.storyboard; sourceTree = "<group>"; };
		9C2646E4209994C8004A4551 /* Base */ = {isa = PBXFileReference; lastKnownFileType = file.storyboard; name = Base; path = Base.lproj/LaunchScreen.storyboard; sourceTree = "<group>"; };
		9C2646E6209994C8004A4551 /* Info.plist */ = {isa = PBXFileReference; lastKnownFileType = text.plist.xml; path = Info.plist; sourceTree = "<group>"; };
		9C2646E7209994C8004A4551 /* main.m */ = {isa = PBXFileReference; lastKnownFileType = sourcecode.c.objc; path = main.m; sourceTree = "<group>"; };
		9C26470820999CB3004A4551 /* WLMElectronicInvoice.pch */ = {isa = PBXFileReference; lastKnownFileType = sourcecode.c.h; path = WLMElectronicInvoice.pch; sourceTree = "<group>"; };
		9C26474E209AEFE2004A4551 /* WLMInvoiceApplyVC.h */ = {isa = PBXFileReference; lastKnownFileType = sourcecode.c.h; path = WLMInvoiceApplyVC.h; sourceTree = "<group>"; };
		9C26474F209AEFE2004A4551 /* WLMInvoiceApplyVC.m */ = {isa = PBXFileReference; lastKnownFileType = sourcecode.c.objc; path = WLMInvoiceApplyVC.m; sourceTree = "<group>"; };
		9C264751209AF037004A4551 /* WLMInvoiceApplyVM.h */ = {isa = PBXFileReference; lastKnownFileType = sourcecode.c.h; path = WLMInvoiceApplyVM.h; sourceTree = "<group>"; };
		9C264752209AF037004A4551 /* WLMInvoiceApplyVM.m */ = {isa = PBXFileReference; lastKnownFileType = sourcecode.c.objc; path = WLMInvoiceApplyVM.m; sourceTree = "<group>"; };
		9C26476C209BF10D004A4551 /* WLMInvoiceDetailVC.h */ = {isa = PBXFileReference; lastKnownFileType = sourcecode.c.h; path = WLMInvoiceDetailVC.h; sourceTree = "<group>"; };
		9C26476D209BF10D004A4551 /* WLMInvoiceDetailVC.m */ = {isa = PBXFileReference; lastKnownFileType = sourcecode.c.objc; path = WLMInvoiceDetailVC.m; sourceTree = "<group>"; };
		9C5022C520B428010024BF01 /* WLMElectronicInvoiceRouter.h */ = {isa = PBXFileReference; lastKnownFileType = sourcecode.c.h; path = WLMElectronicInvoiceRouter.h; sourceTree = "<group>"; };
		9C5022C620B428010024BF01 /* WLMElectronicInvoiceRouter.m */ = {isa = PBXFileReference; lastKnownFileType = sourcecode.c.objc; path = WLMElectronicInvoiceRouter.m; sourceTree = "<group>"; };
		9C5022E820B5180D0024BF01 /* einvoice_mange_sample@2x.png */ = {isa = PBXFileReference; lastKnownFileType = image.png; path = "einvoice_mange_sample@2x.png"; sourceTree = "<group>"; };
		9C5022E920B5180D0024BF01 /* einvoice_mange_sample@3x.png */ = {isa = PBXFileReference; lastKnownFileType = image.png; path = "einvoice_mange_sample@3x.png"; sourceTree = "<group>"; };
		9C5022F420B518290024BF01 /* einvoice_package_info@3x.png */ = {isa = PBXFileReference; lastKnownFileType = image.png; path = "einvoice_package_info@3x.png"; sourceTree = "<group>"; };
		9C5022F520B518290024BF01 /* einvoice_package_info@2x.png */ = {isa = PBXFileReference; lastKnownFileType = image.png; path = "einvoice_package_info@2x.png"; sourceTree = "<group>"; };
		9C5022FC20B518440024BF01 /* line@2x.png */ = {isa = PBXFileReference; lastKnownFileType = image.png; path = "line@2x.png"; sourceTree = "<group>"; };
		9C5022FE20B5184A0024BF01 /* pick_bg@2x.png */ = {isa = PBXFileReference; lastKnownFileType = image.png; path = "pick_bg@2x.png"; sourceTree = "<group>"; };
		9C50230420B518600024BF01 /* filter_state_normal@2x.png */ = {isa = PBXFileReference; lastKnownFileType = image.png; path = "filter_state_normal@2x.png"; sourceTree = "<group>"; };
		9C50230520B518600024BF01 /* filter_state_normal@3x.png */ = {isa = PBXFileReference; lastKnownFileType = image.png; path = "filter_state_normal@3x.png"; sourceTree = "<group>"; };
		9C50230820B518680024BF01 /* filter_state_selected@2x.png */ = {isa = PBXFileReference; lastKnownFileType = image.png; path = "filter_state_selected@2x.png"; sourceTree = "<group>"; };
		9C50230920B518680024BF01 /* filter_state_selected@3x.png */ = {isa = PBXFileReference; lastKnownFileType = image.png; path = "filter_state_selected@3x.png"; sourceTree = "<group>"; };
		9C50233920BBCDA50024BF01 /* WLMSearchInvoiceItemVC.h */ = {isa = PBXFileReference; lastKnownFileType = sourcecode.c.h; path = WLMSearchInvoiceItemVC.h; sourceTree = "<group>"; };
		9C50233A20BBCDA50024BF01 /* WLMSearchInvoiceItemVC.m */ = {isa = PBXFileReference; lastKnownFileType = sourcecode.c.objc; path = WLMSearchInvoiceItemVC.m; sourceTree = "<group>"; };
		9C50233F20BBCEE80024BF01 /* WLMInvoiceItemCell.h */ = {isa = PBXFileReference; lastKnownFileType = sourcecode.c.h; path = WLMInvoiceItemCell.h; sourceTree = "<group>"; };
		9C50234020BBCEE80024BF01 /* WLMInvoiceItemCell.m */ = {isa = PBXFileReference; lastKnownFileType = sourcecode.c.objc; path = WLMInvoiceItemCell.m; sourceTree = "<group>"; };
		9C50234220BBD1120024BF01 /* WLMSelectInvoiceItemModel.h */ = {isa = PBXFileReference; lastKnownFileType = sourcecode.c.h; path = WLMSelectInvoiceItemModel.h; sourceTree = "<group>"; };
		9C50234320BBD1120024BF01 /* WLMSelectInvoiceItemModel.m */ = {isa = PBXFileReference; lastKnownFileType = sourcecode.c.objc; path = WLMSelectInvoiceItemModel.m; sourceTree = "<group>"; };
		9C50234520BBF7DF0024BF01 /* WLMInvoiceRecordModel.h */ = {isa = PBXFileReference; lastKnownFileType = sourcecode.c.h; path = WLMInvoiceRecordModel.h; sourceTree = "<group>"; };
		9C50234620BBF7DF0024BF01 /* WLMInvoiceRecordModel.m */ = {isa = PBXFileReference; lastKnownFileType = sourcecode.c.objc; path = WLMInvoiceRecordModel.m; sourceTree = "<group>"; };
		9C9C473720A52B4A0023F02E /* WLMInvoiceDetailHeaderView.h */ = {isa = PBXFileReference; lastKnownFileType = sourcecode.c.h; path = WLMInvoiceDetailHeaderView.h; sourceTree = "<group>"; };
		9C9C473820A52B4A0023F02E /* WLMInvoiceDetailHeaderView.m */ = {isa = PBXFileReference; lastKnownFileType = sourcecode.c.objc; path = WLMInvoiceDetailHeaderView.m; sourceTree = "<group>"; };
		9C9C473A20A52B6D0023F02E /* WLMInvoiceDetailInfoView.h */ = {isa = PBXFileReference; lastKnownFileType = sourcecode.c.h; path = WLMInvoiceDetailInfoView.h; sourceTree = "<group>"; };
		9C9C473B20A52B6D0023F02E /* WLMInvoiceDetailInfoView.m */ = {isa = PBXFileReference; lastKnownFileType = sourcecode.c.objc; path = WLMInvoiceDetailInfoView.m; sourceTree = "<group>"; };
		9CA4032620ADAB7C00E4AA51 /* WLMResendInvoiceVM.h */ = {isa = PBXFileReference; lastKnownFileType = sourcecode.c.h; path = WLMResendInvoiceVM.h; sourceTree = "<group>"; };
		9CA4032720ADAB7C00E4AA51 /* WLMResendInvoiceVM.m */ = {isa = PBXFileReference; lastKnownFileType = sourcecode.c.objc; path = WLMResendInvoiceVM.m; sourceTree = "<group>"; };
		9CA4036F20AEE0BE00E4AA51 /* ImageTextField.h */ = {isa = PBXFileReference; fileEncoding = 4; lastKnownFileType = sourcecode.c.h; path = ImageTextField.h; sourceTree = "<group>"; };
		9CA4037020AEE0BE00E4AA51 /* ImageTextField.m */ = {isa = PBXFileReference; fileEncoding = 4; lastKnownFileType = sourcecode.c.objc; path = ImageTextField.m; sourceTree = "<group>"; };
		9CA4037220AEE0BE00E4AA51 /* HMSegmentedControl.h */ = {isa = PBXFileReference; fileEncoding = 4; lastKnownFileType = sourcecode.c.h; path = HMSegmentedControl.h; sourceTree = "<group>"; };
		9CA4037320AEE0BE00E4AA51 /* HMSegmentedControl.m */ = {isa = PBXFileReference; fileEncoding = 4; lastKnownFileType = sourcecode.c.objc; path = HMSegmentedControl.m; sourceTree = "<group>"; };
		9CA4037A20AEE0E300E4AA51 /* WLMRecordFiltrVC.m */ = {isa = PBXFileReference; fileEncoding = 4; lastKnownFileType = sourcecode.c.objc; path = WLMRecordFiltrVC.m; sourceTree = "<group>"; };
		9CA4037B20AEE0E300E4AA51 /* WLMRequirementListVC.h */ = {isa = PBXFileReference; fileEncoding = 4; lastKnownFileType = sourcecode.c.h; path = WLMRequirementListVC.h; sourceTree = "<group>"; };
		9CA4037C20AEE0E300E4AA51 /* WLMRecordListVC.h */ = {isa = PBXFileReference; fileEncoding = 4; lastKnownFileType = sourcecode.c.h; path = WLMRecordListVC.h; sourceTree = "<group>"; };
		9CA4037E20AEE0E300E4AA51 /* WLMPackageInfoVC.h */ = {isa = PBXFileReference; fileEncoding = 4; lastKnownFileType = sourcecode.c.h; path = WLMPackageInfoVC.h; sourceTree = "<group>"; };
		9CA4037F20AEE0E300E4AA51 /* WLMRequirementListVC.m */ = {isa = PBXFileReference; fileEncoding = 4; lastKnownFileType = sourcecode.c.objc; path = WLMRequirementListVC.m; sourceTree = "<group>"; };
		9CA4038020AEE0E300E4AA51 /* WLMRecordFiltrVC.h */ = {isa = PBXFileReference; fileEncoding = 4; lastKnownFileType = sourcecode.c.h; path = WLMRecordFiltrVC.h; sourceTree = "<group>"; };
		9CA4038220AEE0E300E4AA51 /* WLMRecordListVC.m */ = {isa = PBXFileReference; fileEncoding = 4; lastKnownFileType = sourcecode.c.objc; path = WLMRecordListVC.m; sourceTree = "<group>"; };
		9CA4038320AEE0E300E4AA51 /* WLMPackageInfoVC.m */ = {isa = PBXFileReference; fileEncoding = 4; lastKnownFileType = sourcecode.c.objc; path = WLMPackageInfoVC.m; sourceTree = "<group>"; };
		9CA4038820AEE0E300E4AA51 /* WLMRecordListCell.h */ = {isa = PBXFileReference; fileEncoding = 4; lastKnownFileType = sourcecode.c.h; path = WLMRecordListCell.h; sourceTree = "<group>"; };
		9CA4038920AEE0E300E4AA51 /* WLMRequirementListCell.m */ = {isa = PBXFileReference; fileEncoding = 4; lastKnownFileType = sourcecode.c.objc; path = WLMRequirementListCell.m; sourceTree = "<group>"; };
		9CA4038A20AEE0E300E4AA51 /* WLMEInvoiceFilterView.h */ = {isa = PBXFileReference; fileEncoding = 4; lastKnownFileType = sourcecode.c.h; path = WLMEInvoiceFilterView.h; sourceTree = "<group>"; };
		9CA4038B20AEE0E300E4AA51 /* WLMInvoiceRecprdFooterView.m */ = {isa = PBXFileReference; fileEncoding = 4; lastKnownFileType = sourcecode.c.objc; path = WLMInvoiceRecprdFooterView.m; sourceTree = "<group>"; };
		9CA4038C20AEE0E300E4AA51 /* WLMRecordListCell.m */ = {isa = PBXFileReference; fileEncoding = 4; lastKnownFileType = sourcecode.c.objc; path = WLMRecordListCell.m; sourceTree = "<group>"; };
		9CA4038E20AEE0E300E4AA51 /* WLMRequirementListCell.h */ = {isa = PBXFileReference; fileEncoding = 4; lastKnownFileType = sourcecode.c.h; path = WLMRequirementListCell.h; sourceTree = "<group>"; };
		9CA4038F20AEE0E300E4AA51 /* WLMInvoiceRecprdFooterView.h */ = {isa = PBXFileReference; fileEncoding = 4; lastKnownFileType = sourcecode.c.h; path = WLMInvoiceRecprdFooterView.h; sourceTree = "<group>"; };
		9CA4039020AEE0E300E4AA51 /* WLMEInvoiceFilterView.m */ = {isa = PBXFileReference; fileEncoding = 4; lastKnownFileType = sourcecode.c.objc; path = WLMEInvoiceFilterView.m; sourceTree = "<group>"; };
		9CA403A520AEE18F00E4AA51 /* WLMRecordSearchVC.m */ = {isa = PBXFileReference; fileEncoding = 4; lastKnownFileType = sourcecode.c.objc; path = WLMRecordSearchVC.m; sourceTree = "<group>"; };
		9CA403A620AEE19000E4AA51 /* WLMRecordSearchVC.h */ = {isa = PBXFileReference; fileEncoding = 4; lastKnownFileType = sourcecode.c.h; path = WLMRecordSearchVC.h; sourceTree = "<group>"; };
		9CA403A820AEE22200E4AA51 /* WLCircleProgressView.h */ = {isa = PBXFileReference; fileEncoding = 4; lastKnownFileType = sourcecode.c.h; path = WLCircleProgressView.h; sourceTree = "<group>"; };
		9CA403A920AEE22300E4AA51 /* WLCircleProgressView.m */ = {isa = PBXFileReference; fileEncoding = 4; lastKnownFileType = sourcecode.c.objc; path = WLCircleProgressView.m; sourceTree = "<group>"; };
		9CA403AB20AEE27300E4AA51 /* WLMInvoiceManagerListVC.m */ = {isa = PBXFileReference; fileEncoding = 4; lastKnownFileType = sourcecode.c.objc; path = WLMInvoiceManagerListVC.m; sourceTree = "<group>"; };
		9CA403AC20AEE27300E4AA51 /* WLMInvoiceManagerListVC.h */ = {isa = PBXFileReference; fileEncoding = 4; lastKnownFileType = sourcecode.c.h; path = WLMInvoiceManagerListVC.h; sourceTree = "<group>"; };
		9CA403AE20AEE2C300E4AA51 /* WLMOpenInvoiceVC.h */ = {isa = PBXFileReference; fileEncoding = 4; lastKnownFileType = sourcecode.c.h; path = WLMOpenInvoiceVC.h; sourceTree = "<group>"; };
		9CA403AF20AEE2C300E4AA51 /* WLMOpenInvoiceVC.m */ = {isa = PBXFileReference; fileEncoding = 4; lastKnownFileType = sourcecode.c.objc; path = WLMOpenInvoiceVC.m; sourceTree = "<group>"; };
		9CC4FEF320A2E70800232074 /* WLMPackageSelectVC.h */ = {isa = PBXFileReference; lastKnownFileType = sourcecode.c.h; path = WLMPackageSelectVC.h; sourceTree = "<group>"; };
		9CC4FEF420A2E70800232074 /* WLMPackageSelectVC.m */ = {isa = PBXFileReference; lastKnownFileType = sourcecode.c.objc; path = WLMPackageSelectVC.m; sourceTree = "<group>"; };
		9CC4FEF620A2E75300232074 /* WLMPackageSelectView.h */ = {isa = PBXFileReference; lastKnownFileType = sourcecode.c.h; path = WLMPackageSelectView.h; sourceTree = "<group>"; };
		9CC4FEF720A2E75300232074 /* WLMPackageSelectView.m */ = {isa = PBXFileReference; lastKnownFileType = sourcecode.c.objc; path = WLMPackageSelectView.m; sourceTree = "<group>"; };
		9CC4FEF920A2FADC00232074 /* middle@3x.png */ = {isa = PBXFileReference; lastKnownFileType = image.png; path = "middle@3x.png"; sourceTree = "<group>"; };
		9CC4FEFA20A2FADC00232074 /* normal@2x.png */ = {isa = PBXFileReference; lastKnownFileType = image.png; path = "normal@2x.png"; sourceTree = "<group>"; };
		9CC4FEFB20A2FADC00232074 /* big@2x.png */ = {isa = PBXFileReference; lastKnownFileType = image.png; path = "big@2x.png"; sourceTree = "<group>"; };
		9CC4FEFC20A2FADD00232074 /* big@3x.png */ = {isa = PBXFileReference; lastKnownFileType = image.png; path = "big@3x.png"; sourceTree = "<group>"; };
		9CC4FEFD20A2FADD00232074 /* normal@3x.png */ = {isa = PBXFileReference; lastKnownFileType = image.png; path = "normal@3x.png"; sourceTree = "<group>"; };
		9CC4FEFE20A2FADD00232074 /* middle@2x.png */ = {isa = PBXFileReference; lastKnownFileType = image.png; path = "middle@2x.png"; sourceTree = "<group>"; };
		9CC4FF0520A318EB00232074 /* WLMInvoiceApplyResultVC.h */ = {isa = PBXFileReference; lastKnownFileType = sourcecode.c.h; path = WLMInvoiceApplyResultVC.h; sourceTree = "<group>"; };
		9CC4FF0620A318EB00232074 /* WLMInvoiceApplyResultVC.m */ = {isa = PBXFileReference; lastKnownFileType = sourcecode.c.objc; path = WLMInvoiceApplyResultVC.m; sourceTree = "<group>"; };
		9CC4FF0820A318FD00232074 /* WLMInvoiceApplyResultView.h */ = {isa = PBXFileReference; lastKnownFileType = sourcecode.c.h; path = WLMInvoiceApplyResultView.h; sourceTree = "<group>"; };
		9CC4FF0920A318FD00232074 /* WLMInvoiceApplyResultView.m */ = {isa = PBXFileReference; lastKnownFileType = sourcecode.c.objc; path = WLMInvoiceApplyResultView.m; sourceTree = "<group>"; };
		9CC4FF8320A43C4F00232074 /* WLMSelectApplyMerchantCell.h */ = {isa = PBXFileReference; lastKnownFileType = sourcecode.c.h; path = WLMSelectApplyMerchantCell.h; sourceTree = "<group>"; };
		9CC4FF8420A43C4F00232074 /* WLMSelectApplyMerchantCell.m */ = {isa = PBXFileReference; lastKnownFileType = sourcecode.c.objc; path = WLMSelectApplyMerchantCell.m; sourceTree = "<group>"; };
		9CEEA5CC209D9DB900673214 /* WLMFillTaxationInfoVC.h */ = {isa = PBXFileReference; lastKnownFileType = sourcecode.c.h; path = WLMFillTaxationInfoVC.h; sourceTree = "<group>"; };
		9CEEA5CD209D9DB900673214 /* WLMFillTaxationInfoVC.m */ = {isa = PBXFileReference; lastKnownFileType = sourcecode.c.objc; path = WLMFillTaxationInfoVC.m; sourceTree = "<group>"; };
		9CEEA5CF209DC10000673214 /* WLMMoreTaxationInfoVC.h */ = {isa = PBXFileReference; lastKnownFileType = sourcecode.c.h; path = WLMMoreTaxationInfoVC.h; sourceTree = "<group>"; };
		9CEEA5D0209DC10000673214 /* WLMMoreTaxationInfoVC.m */ = {isa = PBXFileReference; lastKnownFileType = sourcecode.c.objc; path = WLMMoreTaxationInfoVC.m; sourceTree = "<group>"; };
		9CEEA5D520A05C0E00673214 /* WLMResendInvoiceVC.h */ = {isa = PBXFileReference; lastKnownFileType = sourcecode.c.h; path = WLMResendInvoiceVC.h; sourceTree = "<group>"; };
		9CEEA5D620A05C0E00673214 /* WLMResendInvoiceVC.m */ = {isa = PBXFileReference; lastKnownFileType = sourcecode.c.objc; path = WLMResendInvoiceVC.m; sourceTree = "<group>"; };
/* End PBXFileReference section */

/* Begin PBXFrameworksBuildPhase section */
		9C2646D2209994C8004A4551 /* Frameworks */ = {
			isa = PBXFrameworksBuildPhase;
			buildActionMask = 2147483647;
			files = (
				50AA9FC5E70CCF584D47605D /* Pods_WLMElectronicInvoice.framework in Frameworks */,
			);
			runOnlyForDeploymentPostprocessing = 0;
		};
/* End PBXFrameworksBuildPhase section */

/* Begin PBXGroup section */
		049DDF5020AEE82100F22E06 /* ElectronicInvoiceQRCodeManager */ = {
			isa = PBXGroup;
			children = (
				049DDF5120AEE82100F22E06 /* Controller */,
				049DDF5420AEE82100F22E06 /* Model */,
				049DDF5520AEE82100F22E06 /* View */,
				049DDF5C20AEE82100F22E06 /* ViewModel */,
			);
			path = ElectronicInvoiceQRCodeManager;
			sourceTree = "<group>";
		};
		049DDF5120AEE82100F22E06 /* Controller */ = {
			isa = PBXGroup;
			children = (
				049DDF6320B4475C00F22E06 /* WLMInvoiceConfirmView.h */,
				049DDF6120B4475B00F22E06 /* WLMInvoiceConfirmView.m */,
				049DDF6220B4475C00F22E06 /* WLMQRScanVC.h */,
				049DDF6420B4475C00F22E06 /* WLMQRScanVC.m */,
				049DDF5220AEE82100F22E06 /* WLMInvoiceQRCodeListVC.h */,
				049DDF5320AEE82100F22E06 /* WLMInvoiceQRCodeListVC.m */,
			);
			path = Controller;
			sourceTree = "<group>";
		};
		049DDF5420AEE82100F22E06 /* Model */ = {
			isa = PBXGroup;
			children = (
			);
			path = Model;
			sourceTree = "<group>";
		};
		049DDF5520AEE82100F22E06 /* View */ = {
			isa = PBXGroup;
			children = (
				049DDF5620AEE82100F22E06 /* InvoiceCollectionReusableView.h */,
				049DDF5720AEE82100F22E06 /* InvoiceCollectionReusableView.m */,
				049DDF5820AEE82100F22E06 /* InvoiceQRCodeCell.h */,
				049DDF5920AEE82100F22E06 /* InvoiceQRCodeCell.m */,
				049DDF5A20AEE82100F22E06 /* InvoiceScanHeadView.h */,
				049DDF5B20AEE82100F22E06 /* InvoiceScanHeadView.m */,
			);
			path = View;
			sourceTree = "<group>";
		};
		049DDF5C20AEE82100F22E06 /* ViewModel */ = {
			isa = PBXGroup;
			children = (
			);
			path = ViewModel;
			sourceTree = "<group>";
		};
		049DDF6720B447F400F22E06 /* QRCodeUtil */ = {
			isa = PBXGroup;
			children = (
				049DDF6820B447F400F22E06 /* QRCodeUtil.h */,
				049DDF6920B447F400F22E06 /* QRCodeUtil.m */,
			);
			path = QRCodeUtil;
			sourceTree = "<group>";
		};
		71DFEAB7C76F1CE63CE6F560 /* Pods */ = {
			isa = PBXGroup;
			children = (
				8EC5F3AAC5E149448B9054F5 /* Pods-WLMElectronicInvoice.debug.xcconfig */,
				0C58E3E41CE2B24BB6F43768 /* Pods-WLMElectronicInvoice.release.xcconfig */,
			);
			name = Pods;
			sourceTree = "<group>";
		};
		9C2646CC209994C8004A4551 = {
			isa = PBXGroup;
			children = (
				9C2646D7209994C8004A4551 /* WLMElectronicInvoice */,
				9C2646D6209994C8004A4551 /* Products */,
				71DFEAB7C76F1CE63CE6F560 /* Pods */,
				AE7C1BB297102048DF9B74F3 /* Frameworks */,
			);
			sourceTree = "<group>";
		};
		9C2646D6209994C8004A4551 /* Products */ = {
			isa = PBXGroup;
			children = (
				9C2646D5209994C8004A4551 /* WLMElectronicInvoice.app */,
			);
			name = Products;
			sourceTree = "<group>";
		};
		9C2646D7209994C8004A4551 /* WLMElectronicInvoice */ = {
			isa = PBXGroup;
			children = (
				9C9C474720A91F130023F02E /* Categorys */,
				9C264744209AEEFA004A4551 /* ElectronicInvoiceApply */,
				9C26473A209AEEFA004A4551 /* ElectronicInvoiceDetail */,
				9C264749209AEEFA004A4551 /* ElectronicInvoiceManager */,
				9C26473F209AEEFA004A4551 /* ElectronicInvoiceSearch */,
				049DDF5020AEE82100F22E06 /* ElectronicInvoiceQRCodeManager */,
				9C2646F020999B35004A4551 /* Resources */,
				9C2646EE20999B35004A4551 /* Tools */,
				9C2646D8209994C8004A4551 /* AppDelegate.h */,
				9C2646D9209994C8004A4551 /* AppDelegate.m */,
				9C2646DB209994C8004A4551 /* ViewController.h */,
				9C2646DC209994C8004A4551 /* ViewController.m */,
				9C2646DE209994C8004A4551 /* Main.storyboard */,
				9C239E9120BEDF4E00F2C3AD /* Assets.xcassets */,
				9C2646E3209994C8004A4551 /* LaunchScreen.storyboard */,
				9C2646E6209994C8004A4551 /* Info.plist */,
				9C2646E7209994C8004A4551 /* main.m */,
				9C26470820999CB3004A4551 /* WLMElectronicInvoice.pch */,
			);
			path = WLMElectronicInvoice;
			sourceTree = "<group>";
		};
		9C2646EE20999B35004A4551 /* Tools */ = {
			isa = PBXGroup;
			children = (
				049DDF6720B447F400F22E06 /* QRCodeUtil */,
				9C5022C420B427DD0024BF01 /* WLRouter */,
				9CA4036E20AEE0BE00E4AA51 /* ImageTextField */,
				9CA4037120AEE0BE00E4AA51 /* SegmentController */,
			);
			path = Tools;
			sourceTree = "<group>";
		};
		9C2646F020999B35004A4551 /* Resources */ = {
			isa = PBXGroup;
			children = (
				9C5022E820B5180D0024BF01 /* einvoice_mange_sample@2x.png */,
				9C5022E920B5180D0024BF01 /* einvoice_mange_sample@3x.png */,
				9C5022F520B518290024BF01 /* einvoice_package_info@2x.png */,
				9C5022F420B518290024BF01 /* einvoice_package_info@3x.png */,
				9C50230420B518600024BF01 /* filter_state_normal@2x.png */,
				9C50230520B518600024BF01 /* filter_state_normal@3x.png */,
				9C50230820B518680024BF01 /* filter_state_selected@2x.png */,
				9C50230920B518680024BF01 /* filter_state_selected@3x.png */,
				9C5022FE20B5184A0024BF01 /* pick_bg@2x.png */,
				9C239E9320BEDF7700F2C3AD /* pick_bg@3x.png */,
				9C5022FC20B518440024BF01 /* line@2x.png */,
				9C239E8F20BEDF0900F2C3AD /* line@3x.png */,
				9C25190020AAE29600E0B93B /* invoice_apply_shadow@2x.png */,
				9C2518FE20AAE25400E0B93B /* invoice_apply_shadow@3x.png */,
				9C25190320AAEBEF00E0B93B /* sawtooth@2x.png */,
				9C25190220AAEBEF00E0B93B /* sawtooth@3x.png */,
				9C2518FA20AAE1FB00E0B93B /* invoice_apply_success@2x.png */,
				9C2518FB20AAE1FB00E0B93B /* invoice_apply_success@3x.png */,
				9CC4FEFB20A2FADC00232074 /* big@2x.png */,
				9CC4FEFC20A2FADD00232074 /* big@3x.png */,
				9CC4FEFE20A2FADD00232074 /* middle@2x.png */,
				9CC4FEF920A2FADC00232074 /* middle@3x.png */,
				9CC4FEFA20A2FADC00232074 /* normal@2x.png */,
				9CC4FEFD20A2FADD00232074 /* normal@3x.png */,
			);
			path = Resources;
			sourceTree = "<group>";
		};
		9C26473A209AEEFA004A4551 /* ElectronicInvoiceDetail */ = {
			isa = PBXGroup;
			children = (
				9C26473B209AEEFA004A4551 /* ViewModel */,
				9C26473C209AEEFA004A4551 /* Controller */,
				9C26473D209AEEFA004A4551 /* Model */,
				9C26473E209AEEFA004A4551 /* View */,
			);
			path = ElectronicInvoiceDetail;
			sourceTree = "<group>";
		};
		9C26473B209AEEFA004A4551 /* ViewModel */ = {
			isa = PBXGroup;
			children = (
				9CA4032620ADAB7C00E4AA51 /* WLMResendInvoiceVM.h */,
				9CA4032720ADAB7C00E4AA51 /* WLMResendInvoiceVM.m */,
			);
			path = ViewModel;
			sourceTree = "<group>";
		};
		9C26473C209AEEFA004A4551 /* Controller */ = {
			isa = PBXGroup;
			children = (
				9C26476C209BF10D004A4551 /* WLMInvoiceDetailVC.h */,
				9C26476D209BF10D004A4551 /* WLMInvoiceDetailVC.m */,
				9CEEA5D520A05C0E00673214 /* WLMResendInvoiceVC.h */,
				9CEEA5D620A05C0E00673214 /* WLMResendInvoiceVC.m */,
				9C140AA320ABC1AF006E6747 /* WLMEInvoicePreviewVC.h */,
				9C140AA420ABC1AF006E6747 /* WLMEInvoicePreviewVC.m */,
			);
			path = Controller;
			sourceTree = "<group>";
		};
		9C26473D209AEEFA004A4551 /* Model */ = {
			isa = PBXGroup;
			children = (
			);
			path = Model;
			sourceTree = "<group>";
		};
		9C26473E209AEEFA004A4551 /* View */ = {
			isa = PBXGroup;
			children = (
				9C9C473720A52B4A0023F02E /* WLMInvoiceDetailHeaderView.h */,
				9C9C473820A52B4A0023F02E /* WLMInvoiceDetailHeaderView.m */,
				9C9C473A20A52B6D0023F02E /* WLMInvoiceDetailInfoView.h */,
				9C9C473B20A52B6D0023F02E /* WLMInvoiceDetailInfoView.m */,
			);
			path = View;
			sourceTree = "<group>";
		};
		9C26473F209AEEFA004A4551 /* ElectronicInvoiceSearch */ = {
			isa = PBXGroup;
			children = (
				9C264740209AEEFA004A4551 /* ViewModel */,
				9C264741209AEEFA004A4551 /* Controller */,
				9C264742209AEEFA004A4551 /* Model */,
				9C264743209AEEFA004A4551 /* View */,
			);
			path = ElectronicInvoiceSearch;
			sourceTree = "<group>";
		};
		9C264740209AEEFA004A4551 /* ViewModel */ = {
			isa = PBXGroup;
			children = (
			);
			path = ViewModel;
			sourceTree = "<group>";
		};
		9C264741209AEEFA004A4551 /* Controller */ = {
			isa = PBXGroup;
			children = (
				9CA403A620AEE19000E4AA51 /* WLMRecordSearchVC.h */,
				9CA403A520AEE18F00E4AA51 /* WLMRecordSearchVC.m */,
			);
			path = Controller;
			sourceTree = "<group>";
		};
		9C264742209AEEFA004A4551 /* Model */ = {
			isa = PBXGroup;
			children = (
				9C50234520BBF7DF0024BF01 /* WLMInvoiceRecordModel.h */,
				9C50234620BBF7DF0024BF01 /* WLMInvoiceRecordModel.m */,
			);
			path = Model;
			sourceTree = "<group>";
		};
		9C264743209AEEFA004A4551 /* View */ = {
			isa = PBXGroup;
			children = (
			);
			path = View;
			sourceTree = "<group>";
		};
		9C264744209AEEFA004A4551 /* ElectronicInvoiceApply */ = {
			isa = PBXGroup;
			children = (
				9C264745209AEEFA004A4551 /* ViewModel */,
				9C264746209AEEFA004A4551 /* Controller */,
				9C264747209AEEFA004A4551 /* Model */,
				9C264748209AEEFA004A4551 /* View */,
			);
			path = ElectronicInvoiceApply;
			sourceTree = "<group>";
		};
		9C264745209AEEFA004A4551 /* ViewModel */ = {
			isa = PBXGroup;
			children = (
				9C264751209AF037004A4551 /* WLMInvoiceApplyVM.h */,
				9C264752209AF037004A4551 /* WLMInvoiceApplyVM.m */,
				9C140ABB20AC4ECB006E6747 /* WLMSelectedApplyMerchantVM.h */,
				9C140ABC20AC4ECB006E6747 /* WLMSelectedApplyMerchantVM.m */,
				9C140AC120AC576F006E6747 /* WLMFillTaxationInfoVM.h */,
				9C140AC220AC576F006E6747 /* WLMFillTaxationInfoVM.m */,
				9C140AC420AC5789006E6747 /* WLMMoreTaxationInfoVM.h */,
				9C140AC520AC5789006E6747 /* WLMMoreTaxationInfoVM.m */,
				9C140AC720AC57F6006E6747 /* WLMPackageSelectVM.h */,
				9C140AC820AC57F6006E6747 /* WLMPackageSelectVM.m */,
				9C140ACA20AC592E006E6747 /* WLMEInvoiceIntroduceVM.h */,
				9C140ACB20AC592E006E6747 /* WLMEInvoiceIntroduceVM.m */,
				9C1C0EF320B2BE4900FD6857 /* WLMInvoiceResultVM.h */,
				9C1C0EF220B2BE4900FD6857 /* WLMInvoiceResultVM.m */,
			);
			path = ViewModel;
			sourceTree = "<group>";
		};
		9C264746209AEEFA004A4551 /* Controller */ = {
			isa = PBXGroup;
			children = (
				9C26474E209AEFE2004A4551 /* WLMInvoiceApplyVC.h */,
				9C26474F209AEFE2004A4551 /* WLMInvoiceApplyVC.m */,
				9CEEA5CC209D9DB900673214 /* WLMFillTaxationInfoVC.h */,
				9CEEA5CD209D9DB900673214 /* WLMFillTaxationInfoVC.m */,
				9CEEA5CF209DC10000673214 /* WLMMoreTaxationInfoVC.h */,
				9CEEA5D0209DC10000673214 /* WLMMoreTaxationInfoVC.m */,
				9CC4FEF320A2E70800232074 /* WLMPackageSelectVC.h */,
				9CC4FEF420A2E70800232074 /* WLMPackageSelectVC.m */,
				9CC4FF0520A318EB00232074 /* WLMInvoiceApplyResultVC.h */,
				9CC4FF0620A318EB00232074 /* WLMInvoiceApplyResultVC.m */,
				9C140ABE20AC4EE7006E6747 /* WLMSelectApplyMerchantVC.h */,
				9C140ABF20AC4EE7006E6747 /* WLMSelectApplyMerchantVC.m */,
				9C140A9D20ABBFFC006E6747 /* WLMEInvoiceProtocolVC.h */,
				9C140A9E20ABBFFC006E6747 /* WLMEInvoiceProtocolVC.m */,
				9C140AA620ABC1C3006E6747 /* WLMEInvoiceIntroduceVC.h */,
				9C140AA720ABC1C3006E6747 /* WLMEInvoiceIntroduceVC.m */,
				9C50233920BBCDA50024BF01 /* WLMSearchInvoiceItemVC.h */,
				9C50233A20BBCDA50024BF01 /* WLMSearchInvoiceItemVC.m */,
			);
			path = Controller;
			sourceTree = "<group>";
		};
		9C264747209AEEFA004A4551 /* Model */ = {
			isa = PBXGroup;
			children = (
				9C13035020AD24D5009BED8E /* WLMSelectedApplyMerchantModel.h */,
				9C13035120AD24D5009BED8E /* WLMSelectedApplyMerchantModel.m */,
				9C1C0EE420B2B1D000FD6857 /* WLMInvoiceResultModel.h */,
				9C1C0EE520B2B1D000FD6857 /* WLMInvoiceResultModel.m */,
				9C50234220BBD1120024BF01 /* WLMSelectInvoiceItemModel.h */,
				9C50234320BBD1120024BF01 /* WLMSelectInvoiceItemModel.m */,
			);
			path = Model;
			sourceTree = "<group>";
		};
		9C264748209AEEFA004A4551 /* View */ = {
			isa = PBXGroup;
			children = (
				9CC4FEF620A2E75300232074 /* WLMPackageSelectView.h */,
				9CC4FEF720A2E75300232074 /* WLMPackageSelectView.m */,
				9CC4FF0820A318FD00232074 /* WLMInvoiceApplyResultView.h */,
				9CC4FF0920A318FD00232074 /* WLMInvoiceApplyResultView.m */,
				9CC4FF8320A43C4F00232074 /* WLMSelectApplyMerchantCell.h */,
				9CC4FF8420A43C4F00232074 /* WLMSelectApplyMerchantCell.m */,
				9C50233F20BBCEE80024BF01 /* WLMInvoiceItemCell.h */,
				9C50234020BBCEE80024BF01 /* WLMInvoiceItemCell.m */,
			);
			path = View;
			sourceTree = "<group>";
		};
		9C264749209AEEFA004A4551 /* ElectronicInvoiceManager */ = {
			isa = PBXGroup;
			children = (
				9CA4037820AEE0E300E4AA51 /* Controller */,
				9CA4038520AEE0E300E4AA51 /* Model */,
				9CA4038620AEE0E300E4AA51 /* View */,
				9CA4037720AEE0E300E4AA51 /* ViewModel */,
			);
			path = ElectronicInvoiceManager;
			sourceTree = "<group>";
		};
		9C5022C420B427DD0024BF01 /* WLRouter */ = {
			isa = PBXGroup;
			children = (
				9C5022C520B428010024BF01 /* WLMElectronicInvoiceRouter.h */,
				9C5022C620B428010024BF01 /* WLMElectronicInvoiceRouter.m */,
			);
			path = WLRouter;
			sourceTree = "<group>";
		};
		9C9C474720A91F130023F02E /* Categorys */ = {
			isa = PBXGroup;
			children = (
			);
			path = Categorys;
			sourceTree = "<group>";
		};
		9CA4036E20AEE0BE00E4AA51 /* ImageTextField */ = {
			isa = PBXGroup;
			children = (
				9CA4036F20AEE0BE00E4AA51 /* ImageTextField.h */,
				9CA4037020AEE0BE00E4AA51 /* ImageTextField.m */,
			);
			path = ImageTextField;
			sourceTree = "<group>";
		};
		9CA4037120AEE0BE00E4AA51 /* SegmentController */ = {
			isa = PBXGroup;
			children = (
				9CA4037220AEE0BE00E4AA51 /* HMSegmentedControl.h */,
				9CA4037320AEE0BE00E4AA51 /* HMSegmentedControl.m */,
			);
			path = SegmentController;
			sourceTree = "<group>";
		};
		9CA4037720AEE0E300E4AA51 /* ViewModel */ = {
			isa = PBXGroup;
			children = (
			);
			path = ViewModel;
			sourceTree = "<group>";
		};
		9CA4037820AEE0E300E4AA51 /* Controller */ = {
			isa = PBXGroup;
			children = (
				9CA403AE20AEE2C300E4AA51 /* WLMOpenInvoiceVC.h */,
				9CA403AF20AEE2C300E4AA51 /* WLMOpenInvoiceVC.m */,
				9CA403AC20AEE27300E4AA51 /* WLMInvoiceManagerListVC.h */,
				9CA403AB20AEE27300E4AA51 /* WLMInvoiceManagerListVC.m */,
				9CA4037C20AEE0E300E4AA51 /* WLMRecordListVC.h */,
				9CA4038220AEE0E300E4AA51 /* WLMRecordListVC.m */,
				9CA4038020AEE0E300E4AA51 /* WLMRecordFiltrVC.h */,
				9CA4037A20AEE0E300E4AA51 /* WLMRecordFiltrVC.m */,
				9CA4037B20AEE0E300E4AA51 /* WLMRequirementListVC.h */,
				9CA4037F20AEE0E300E4AA51 /* WLMRequirementListVC.m */,
				9CA4037E20AEE0E300E4AA51 /* WLMPackageInfoVC.h */,
				9CA4038320AEE0E300E4AA51 /* WLMPackageInfoVC.m */,
			);
			path = Controller;
			sourceTree = "<group>";
		};
		9CA4038520AEE0E300E4AA51 /* Model */ = {
			isa = PBXGroup;
			children = (
			);
			path = Model;
			sourceTree = "<group>";
		};
		9CA4038620AEE0E300E4AA51 /* View */ = {
			isa = PBXGroup;
			children = (
				9CA403A820AEE22200E4AA51 /* WLCircleProgressView.h */,
				9CA403A920AEE22300E4AA51 /* WLCircleProgressView.m */,
				9CA4038820AEE0E300E4AA51 /* WLMRecordListCell.h */,
				9CA4038C20AEE0E300E4AA51 /* WLMRecordListCell.m */,
				9CA4038E20AEE0E300E4AA51 /* WLMRequirementListCell.h */,
				9CA4038920AEE0E300E4AA51 /* WLMRequirementListCell.m */,
				9CA4038A20AEE0E300E4AA51 /* WLMEInvoiceFilterView.h */,
				9CA4039020AEE0E300E4AA51 /* WLMEInvoiceFilterView.m */,
				9CA4038F20AEE0E300E4AA51 /* WLMInvoiceRecprdFooterView.h */,
				9CA4038B20AEE0E300E4AA51 /* WLMInvoiceRecprdFooterView.m */,
			);
			path = View;
			sourceTree = "<group>";
		};
		AE7C1BB297102048DF9B74F3 /* Frameworks */ = {
			isa = PBXGroup;
			children = (
				58614F4727A6F4189F29ACDC /* Pods_WLMElectronicInvoice.framework */,
			);
			name = Frameworks;
			sourceTree = "<group>";
		};
/* End PBXGroup section */

/* Begin PBXNativeTarget section */
		9C2646D4209994C8004A4551 /* WLMElectronicInvoice */ = {
			isa = PBXNativeTarget;
			buildConfigurationList = 9C2646EB209994C8004A4551 /* Build configuration list for PBXNativeTarget "WLMElectronicInvoice" */;
			buildPhases = (
				BA7CE3066FE8BDF402478757 /* [CP] Check Pods Manifest.lock */,
				9C2646D1209994C8004A4551 /* Sources */,
				9C2646D2209994C8004A4551 /* Frameworks */,
				9C2646D3209994C8004A4551 /* Resources */,
				D556C94F39542C276B946782 /* [CP] Embed Pods Frameworks */,
				95B4D5ACBEA742737D2DAC2C /* [CP] Copy Pods Resources */,
			);
			buildRules = (
			);
			dependencies = (
			);
			name = WLMElectronicInvoice;
			productName = WLMElectronicInvoice;
			productReference = 9C2646D5209994C8004A4551 /* WLMElectronicInvoice.app */;
			productType = "com.apple.product-type.application";
		};
/* End PBXNativeTarget section */

/* Begin PBXProject section */
		9C2646CD209994C8004A4551 /* Project object */ = {
			isa = PBXProject;
			attributes = {
				LastUpgradeCheck = 0920;
				ORGANIZATIONNAME = quangqiang;
				TargetAttributes = {
					9C2646D4209994C8004A4551 = {
						CreatedOnToolsVersion = 9.2;
						ProvisioningStyle = Automatic;
					};
				};
			};
			buildConfigurationList = 9C2646D0209994C8004A4551 /* Build configuration list for PBXProject "WLMElectronicInvoice" */;
			compatibilityVersion = "Xcode 8.0";
			developmentRegion = en;
			hasScannedForEncodings = 0;
			knownRegions = (
				en,
				Base,
			);
			mainGroup = 9C2646CC209994C8004A4551;
			productRefGroup = 9C2646D6209994C8004A4551 /* Products */;
			projectDirPath = "";
			projectRoot = "";
			targets = (
				9C2646D4209994C8004A4551 /* WLMElectronicInvoice */,
			);
		};
/* End PBXProject section */

/* Begin PBXResourcesBuildPhase section */
		9C2646D3209994C8004A4551 /* Resources */ = {
			isa = PBXResourcesBuildPhase;
			buildActionMask = 2147483647;
			files = (
				9C50230620B518600024BF01 /* filter_state_normal@2x.png in Resources */,
				9C25190420AAEBEF00E0B93B /* sawtooth@3x.png in Resources */,
				9C239E9420BEDF7800F2C3AD /* pick_bg@3x.png in Resources */,
				9C5022F720B518290024BF01 /* einvoice_package_info@2x.png in Resources */,
				9C2518FD20AAE1FB00E0B93B /* invoice_apply_success@3x.png in Resources */,
				9C2646E5209994C8004A4551 /* LaunchScreen.storyboard in Resources */,
				9C50230720B518600024BF01 /* filter_state_normal@3x.png in Resources */,
				9C239E9220BEDF4E00F2C3AD /* Assets.xcassets in Resources */,
				9C5022EB20B5180D0024BF01 /* einvoice_mange_sample@3x.png in Resources */,
				9C25190120AAE29600E0B93B /* invoice_apply_shadow@2x.png in Resources */,
				9CC4FF0120A2FADD00232074 /* big@2x.png in Resources */,
				9C50230B20B518680024BF01 /* filter_state_selected@3x.png in Resources */,
				9C50230A20B518680024BF01 /* filter_state_selected@2x.png in Resources */,
				9C239E9020BEDF0900F2C3AD /* line@3x.png in Resources */,
				9CC4FF0220A2FADD00232074 /* big@3x.png in Resources */,
				9CC4FF0320A2FADD00232074 /* normal@3x.png in Resources */,
				9C5022EA20B5180D0024BF01 /* einvoice_mange_sample@2x.png in Resources */,
				9C5022FD20B518450024BF01 /* line@2x.png in Resources */,
				9C25190520AAEBEF00E0B93B /* sawtooth@2x.png in Resources */,
				9CC4FEFF20A2FADD00232074 /* middle@3x.png in Resources */,
				9CC4FF0020A2FADD00232074 /* normal@2x.png in Resources */,
				9C5022FF20B5184B0024BF01 /* pick_bg@2x.png in Resources */,
				9C2646E0209994C8004A4551 /* Main.storyboard in Resources */,
				9C5022F620B518290024BF01 /* einvoice_package_info@3x.png in Resources */,
				9C2518FF20AAE25400E0B93B /* invoice_apply_shadow@3x.png in Resources */,
				9CC4FF0420A2FADD00232074 /* middle@2x.png in Resources */,
				9C2518FC20AAE1FB00E0B93B /* invoice_apply_success@2x.png in Resources */,
			);
			runOnlyForDeploymentPostprocessing = 0;
		};
/* End PBXResourcesBuildPhase section */

/* Begin PBXShellScriptBuildPhase section */
		95B4D5ACBEA742737D2DAC2C /* [CP] Copy Pods Resources */ = {
			isa = PBXShellScriptBuildPhase;
			buildActionMask = 2147483647;
			files = (
			);
			inputPaths = (
			);
			name = "[CP] Copy Pods Resources";
			outputPaths = (
			);
			runOnlyForDeploymentPostprocessing = 0;
			shellPath = /bin/sh;
			shellScript = "\"${SRCROOT}/Pods/Target Support Files/Pods-WLMElectronicInvoice/Pods-WLMElectronicInvoice-resources.sh\"\n";
			showEnvVarsInLog = 0;
		};
		BA7CE3066FE8BDF402478757 /* [CP] Check Pods Manifest.lock */ = {
			isa = PBXShellScriptBuildPhase;
			buildActionMask = 2147483647;
			files = (
			);
			inputPaths = (
				"${PODS_PODFILE_DIR_PATH}/Podfile.lock",
				"${PODS_ROOT}/Manifest.lock",
			);
			name = "[CP] Check Pods Manifest.lock";
			outputPaths = (
				"$(DERIVED_FILE_DIR)/Pods-WLMElectronicInvoice-checkManifestLockResult.txt",
			);
			runOnlyForDeploymentPostprocessing = 0;
			shellPath = /bin/sh;
			shellScript = "diff \"${PODS_PODFILE_DIR_PATH}/Podfile.lock\" \"${PODS_ROOT}/Manifest.lock\" > /dev/null\nif [ $? != 0 ] ; then\n    # print error to STDERR\n    echo \"error: The sandbox is not in sync with the Podfile.lock. Run 'pod install' or update your CocoaPods installation.\" >&2\n    exit 1\nfi\n# This output is used by Xcode 'outputs' to avoid re-running this script phase.\necho \"SUCCESS\" > \"${SCRIPT_OUTPUT_FILE_0}\"\n";
			showEnvVarsInLog = 0;
		};
		D556C94F39542C276B946782 /* [CP] Embed Pods Frameworks */ = {
			isa = PBXShellScriptBuildPhase;
			buildActionMask = 2147483647;
			files = (
			);
			inputPaths = (
				"${SRCROOT}/Pods/Target Support Files/Pods-WLMElectronicInvoice/Pods-WLMElectronicInvoice-frameworks.sh",
				"${BUILT_PRODUCTS_DIR}/AFNetworking/AFNetworking.framework",
				"${BUILT_PRODUCTS_DIR}/DZNEmptyDataSet/DZNEmptyDataSet.framework",
				"${BUILT_PRODUCTS_DIR}/IQKeyboardManager/IQKeyboardManager.framework",
				"${BUILT_PRODUCTS_DIR}/LRModel/LRModel.framework",
				"${BUILT_PRODUCTS_DIR}/LRNet/LRNet.framework",
				"${BUILT_PRODUCTS_DIR}/LRRouter/LRRouter.framework",
				"${BUILT_PRODUCTS_DIR}/MJExtension/MJExtension.framework",
				"${BUILT_PRODUCTS_DIR}/Masonry/Masonry.framework",
				"${BUILT_PRODUCTS_DIR}/NSTimer-Blocks/NSTimer_Blocks.framework",
				"${BUILT_PRODUCTS_DIR}/OpenUDID/OpenUDID.framework",
				"${BUILT_PRODUCTS_DIR}/ReactiveObjC/ReactiveObjC.framework",
				"${BUILT_PRODUCTS_DIR}/SDWebImage/SDWebImage.framework",
				"${BUILT_PRODUCTS_DIR}/SimpleView/SimpleView.framework",
				"${BUILT_PRODUCTS_DIR}/WLBase/WLBase.framework",
				"${BUILT_PRODUCTS_DIR}/WLBaseView/WLBaseView.framework",
				"${BUILT_PRODUCTS_DIR}/WLConst/WLConst.framework",
				"${BUILT_PRODUCTS_DIR}/WLForm/WLForm.framework",
				"${BUILT_PRODUCTS_DIR}/WLIconFont/WLIconFont.framework",
				"${BUILT_PRODUCTS_DIR}/WLModal/WLModal.framework",
				"${BUILT_PRODUCTS_DIR}/WLNet/WLNet.framework",
				"${BUILT_PRODUCTS_DIR}/WLPickerView/WLPickerView.framework",
				"${BUILT_PRODUCTS_DIR}/WLWidget/WLWidget.framework",
			);
			name = "[CP] Embed Pods Frameworks";
			outputPaths = (
				"${TARGET_BUILD_DIR}/${FRAMEWORKS_FOLDER_PATH}/AFNetworking.framework",
				"${TARGET_BUILD_DIR}/${FRAMEWORKS_FOLDER_PATH}/DZNEmptyDataSet.framework",
				"${TARGET_BUILD_DIR}/${FRAMEWORKS_FOLDER_PATH}/IQKeyboardManager.framework",
				"${TARGET_BUILD_DIR}/${FRAMEWORKS_FOLDER_PATH}/LRModel.framework",
				"${TARGET_BUILD_DIR}/${FRAMEWORKS_FOLDER_PATH}/LRNet.framework",
				"${TARGET_BUILD_DIR}/${FRAMEWORKS_FOLDER_PATH}/LRRouter.framework",
				"${TARGET_BUILD_DIR}/${FRAMEWORKS_FOLDER_PATH}/MJExtension.framework",
				"${TARGET_BUILD_DIR}/${FRAMEWORKS_FOLDER_PATH}/Masonry.framework",
				"${TARGET_BUILD_DIR}/${FRAMEWORKS_FOLDER_PATH}/NSTimer_Blocks.framework",
				"${TARGET_BUILD_DIR}/${FRAMEWORKS_FOLDER_PATH}/OpenUDID.framework",
				"${TARGET_BUILD_DIR}/${FRAMEWORKS_FOLDER_PATH}/ReactiveObjC.framework",
				"${TARGET_BUILD_DIR}/${FRAMEWORKS_FOLDER_PATH}/SDWebImage.framework",
				"${TARGET_BUILD_DIR}/${FRAMEWORKS_FOLDER_PATH}/SimpleView.framework",
				"${TARGET_BUILD_DIR}/${FRAMEWORKS_FOLDER_PATH}/WLBase.framework",
				"${TARGET_BUILD_DIR}/${FRAMEWORKS_FOLDER_PATH}/WLBaseView.framework",
				"${TARGET_BUILD_DIR}/${FRAMEWORKS_FOLDER_PATH}/WLConst.framework",
				"${TARGET_BUILD_DIR}/${FRAMEWORKS_FOLDER_PATH}/WLForm.framework",
				"${TARGET_BUILD_DIR}/${FRAMEWORKS_FOLDER_PATH}/WLIconFont.framework",
				"${TARGET_BUILD_DIR}/${FRAMEWORKS_FOLDER_PATH}/WLModal.framework",
				"${TARGET_BUILD_DIR}/${FRAMEWORKS_FOLDER_PATH}/WLNet.framework",
				"${TARGET_BUILD_DIR}/${FRAMEWORKS_FOLDER_PATH}/WLPickerView.framework",
				"${TARGET_BUILD_DIR}/${FRAMEWORKS_FOLDER_PATH}/WLWidget.framework",
			);
			runOnlyForDeploymentPostprocessing = 0;
			shellPath = /bin/sh;
			shellScript = "\"${SRCROOT}/Pods/Target Support Files/Pods-WLMElectronicInvoice/Pods-WLMElectronicInvoice-frameworks.sh\"\n";
			showEnvVarsInLog = 0;
		};
/* End PBXShellScriptBuildPhase section */

/* Begin PBXSourcesBuildPhase section */
		9C2646D1209994C8004A4551 /* Sources */ = {
			isa = PBXSourcesBuildPhase;
			buildActionMask = 2147483647;
			files = (
				9C9C473C20A52B6D0023F02E /* WLMInvoiceDetailInfoView.m in Sources */,
				9C140ACC20AC592E006E6747 /* WLMEInvoiceIntroduceVM.m in Sources */,
				9C50233B20BBCDA50024BF01 /* WLMSearchInvoiceItemVC.m in Sources */,
				049DDF5E20AEE82100F22E06 /* InvoiceCollectionReusableView.m in Sources */,
				9CA4039320AEE0E300E4AA51 /* WLMRequirementListVC.m in Sources */,
				9C140A9F20ABBFFC006E6747 /* WLMEInvoiceProtocolVC.m in Sources */,
				9CC4FEF820A2E75300232074 /* WLMPackageSelectView.m in Sources */,
				9CA4039420AEE0E300E4AA51 /* WLMRecordListVC.m in Sources */,
				9C140AA520ABC1AF006E6747 /* WLMEInvoicePreviewVC.m in Sources */,
				9CA403A720AEE19000E4AA51 /* WLMRecordSearchVC.m in Sources */,
				9CA403AD20AEE27300E4AA51 /* WLMInvoiceManagerListVC.m in Sources */,
				9CC4FF0720A318EB00232074 /* WLMInvoiceApplyResultVC.m in Sources */,
				9C140AA820ABC1C3006E6747 /* WLMEInvoiceIntroduceVC.m in Sources */,
				9CC4FEF520A2E70800232074 /* WLMPackageSelectVC.m in Sources */,
				9C2646DD209994C8004A4551 /* ViewController.m in Sources */,
				049DDF5F20AEE82100F22E06 /* InvoiceQRCodeCell.m in Sources */,
				9CA4039B20AEE0E300E4AA51 /* WLMEInvoiceFilterView.m in Sources */,
				9C1C0EE620B2B1D000FD6857 /* WLMInvoiceResultModel.m in Sources */,
				9C9C473920A52B4A0023F02E /* WLMInvoiceDetailHeaderView.m in Sources */,
				9CA403AA20AEE22300E4AA51 /* WLCircleProgressView.m in Sources */,
				9C13035220AD24D5009BED8E /* WLMSelectedApplyMerchantModel.m in Sources */,
				9C264750209AEFE2004A4551 /* WLMInvoiceApplyVC.m in Sources */,
				049DDF6A20B447F400F22E06 /* QRCodeUtil.m in Sources */,
				9CA4032820ADAB7C00E4AA51 /* WLMResendInvoiceVM.m in Sources */,
				9C140AC320AC576F006E6747 /* WLMFillTaxationInfoVM.m in Sources */,
				049DDF5D20AEE82100F22E06 /* WLMInvoiceQRCodeListVC.m in Sources */,
				9CA4037520AEE0BE00E4AA51 /* ImageTextField.m in Sources */,
				9CA4039520AEE0E300E4AA51 /* WLMPackageInfoVC.m in Sources */,
				9C140AC920AC57F6006E6747 /* WLMPackageSelectVM.m in Sources */,
				9C2646E8209994C8004A4551 /* main.m in Sources */,
				9CC4FF8520A43C4F00232074 /* WLMSelectApplyMerchantCell.m in Sources */,
				9C26476E209BF10D004A4551 /* WLMInvoiceDetailVC.m in Sources */,
				9CA4039820AEE0E300E4AA51 /* WLMInvoiceRecprdFooterView.m in Sources */,
				9CA4037620AEE0BE00E4AA51 /* HMSegmentedControl.m in Sources */,
				9C50234120BBCEE80024BF01 /* WLMInvoiceItemCell.m in Sources */,
				9CEEA5D1209DC10000673214 /* WLMMoreTaxationInfoVC.m in Sources */,
				9CEEA5CE209D9DB900673214 /* WLMFillTaxationInfoVC.m in Sources */,
				9C140AC620AC5789006E6747 /* WLMMoreTaxationInfoVM.m in Sources */,
				9CC4FF0A20A318FD00232074 /* WLMInvoiceApplyResultView.m in Sources */,
				9C140ABD20AC4ECB006E6747 /* WLMSelectedApplyMerchantVM.m in Sources */,
				9C2646DA209994C8004A4551 /* AppDelegate.m in Sources */,
				9CA4039920AEE0E300E4AA51 /* WLMRecordListCell.m in Sources */,
				9C264753209AF037004A4551 /* WLMInvoiceApplyVM.m in Sources */,
				9C50234720BBF7DF0024BF01 /* WLMInvoiceRecordModel.m in Sources */,
				049DDF6520B4475C00F22E06 /* WLMInvoiceConfirmView.m in Sources */,
				9CA4039220AEE0E300E4AA51 /* WLMRecordFiltrVC.m in Sources */,
				9C140AC020AC4EE7006E6747 /* WLMSelectApplyMerchantVC.m in Sources */,
				9CEEA5D720A05C0E00673214 /* WLMResendInvoiceVC.m in Sources */,
				049DDF6620B4475C00F22E06 /* WLMQRScanVC.m in Sources */,
				9C1C0EF420B2BE4900FD6857 /* WLMInvoiceResultVM.m in Sources */,
				9CA403B020AEE2C400E4AA51 /* WLMOpenInvoiceVC.m in Sources */,
				9C5022C720B428010024BF01 /* WLMElectronicInvoiceRouter.m in Sources */,
				9CA4039720AEE0E300E4AA51 /* WLMRequirementListCell.m in Sources */,
				049DDF6020AEE82100F22E06 /* InvoiceScanHeadView.m in Sources */,
				9C50234420BBD1120024BF01 /* WLMSelectInvoiceItemModel.m in Sources */,
			);
			runOnlyForDeploymentPostprocessing = 0;
		};
/* End PBXSourcesBuildPhase section */

/* Begin PBXVariantGroup section */
		9C2646DE209994C8004A4551 /* Main.storyboard */ = {
			isa = PBXVariantGroup;
			children = (
				9C2646DF209994C8004A4551 /* Base */,
			);
			name = Main.storyboard;
			sourceTree = "<group>";
		};
		9C2646E3209994C8004A4551 /* LaunchScreen.storyboard */ = {
			isa = PBXVariantGroup;
			children = (
				9C2646E4209994C8004A4551 /* Base */,
			);
			name = LaunchScreen.storyboard;
			sourceTree = "<group>";
		};
/* End PBXVariantGroup section */

/* Begin XCBuildConfiguration section */
		9C2646E9209994C8004A4551 /* Debug */ = {
			isa = XCBuildConfiguration;
			buildSettings = {
				ALWAYS_SEARCH_USER_PATHS = NO;
				CLANG_ANALYZER_NONNULL = YES;
				CLANG_ANALYZER_NUMBER_OBJECT_CONVERSION = YES_AGGRESSIVE;
				CLANG_CXX_LANGUAGE_STANDARD = "gnu++14";
				CLANG_CXX_LIBRARY = "libc++";
				CLANG_ENABLE_MODULES = YES;
				CLANG_ENABLE_OBJC_ARC = YES;
				CLANG_WARN_BLOCK_CAPTURE_AUTORELEASING = YES;
				CLANG_WARN_BOOL_CONVERSION = YES;
				CLANG_WARN_COMMA = YES;
				CLANG_WARN_CONSTANT_CONVERSION = YES;
				CLANG_WARN_DIRECT_OBJC_ISA_USAGE = YES_ERROR;
				CLANG_WARN_DOCUMENTATION_COMMENTS = YES;
				CLANG_WARN_EMPTY_BODY = YES;
				CLANG_WARN_ENUM_CONVERSION = YES;
				CLANG_WARN_INFINITE_RECURSION = YES;
				CLANG_WARN_INT_CONVERSION = YES;
				CLANG_WARN_NON_LITERAL_NULL_CONVERSION = YES;
				CLANG_WARN_OBJC_LITERAL_CONVERSION = YES;
				CLANG_WARN_OBJC_ROOT_CLASS = YES_ERROR;
				CLANG_WARN_RANGE_LOOP_ANALYSIS = YES;
				CLANG_WARN_STRICT_PROTOTYPES = YES;
				CLANG_WARN_SUSPICIOUS_MOVE = YES;
				CLANG_WARN_UNGUARDED_AVAILABILITY = YES_AGGRESSIVE;
				CLANG_WARN_UNREACHABLE_CODE = YES;
				CLANG_WARN__DUPLICATE_METHOD_MATCH = YES;
				CODE_SIGN_IDENTITY = "iPhone Developer";
				COPY_PHASE_STRIP = NO;
				DEBUG_INFORMATION_FORMAT = dwarf;
				ENABLE_STRICT_OBJC_MSGSEND = YES;
				ENABLE_TESTABILITY = YES;
				GCC_C_LANGUAGE_STANDARD = gnu11;
				GCC_DYNAMIC_NO_PIC = NO;
				GCC_NO_COMMON_BLOCKS = YES;
				GCC_OPTIMIZATION_LEVEL = 0;
				GCC_PREPROCESSOR_DEFINITIONS = (
					"DEBUG=1",
					"$(inherited)",
				);
				GCC_WARN_64_TO_32_BIT_CONVERSION = YES;
				GCC_WARN_ABOUT_RETURN_TYPE = YES_ERROR;
				GCC_WARN_UNDECLARED_SELECTOR = YES;
				GCC_WARN_UNINITIALIZED_AUTOS = YES_AGGRESSIVE;
				GCC_WARN_UNUSED_FUNCTION = YES;
				GCC_WARN_UNUSED_VARIABLE = YES;
				IPHONEOS_DEPLOYMENT_TARGET = 11.2;
				MTL_ENABLE_DEBUG_INFO = YES;
				ONLY_ACTIVE_ARCH = YES;
				SDKROOT = iphoneos;
			};
			name = Debug;
		};
		9C2646EA209994C8004A4551 /* Release */ = {
			isa = XCBuildConfiguration;
			buildSettings = {
				ALWAYS_SEARCH_USER_PATHS = NO;
				CLANG_ANALYZER_NONNULL = YES;
				CLANG_ANALYZER_NUMBER_OBJECT_CONVERSION = YES_AGGRESSIVE;
				CLANG_CXX_LANGUAGE_STANDARD = "gnu++14";
				CLANG_CXX_LIBRARY = "libc++";
				CLANG_ENABLE_MODULES = YES;
				CLANG_ENABLE_OBJC_ARC = YES;
				CLANG_WARN_BLOCK_CAPTURE_AUTORELEASING = YES;
				CLANG_WARN_BOOL_CONVERSION = YES;
				CLANG_WARN_COMMA = YES;
				CLANG_WARN_CONSTANT_CONVERSION = YES;
				CLANG_WARN_DIRECT_OBJC_ISA_USAGE = YES_ERROR;
				CLANG_WARN_DOCUMENTATION_COMMENTS = YES;
				CLANG_WARN_EMPTY_BODY = YES;
				CLANG_WARN_ENUM_CONVERSION = YES;
				CLANG_WARN_INFINITE_RECURSION = YES;
				CLANG_WARN_INT_CONVERSION = YES;
				CLANG_WARN_NON_LITERAL_NULL_CONVERSION = YES;
				CLANG_WARN_OBJC_LITERAL_CONVERSION = YES;
				CLANG_WARN_OBJC_ROOT_CLASS = YES_ERROR;
				CLANG_WARN_RANGE_LOOP_ANALYSIS = YES;
				CLANG_WARN_STRICT_PROTOTYPES = YES;
				CLANG_WARN_SUSPICIOUS_MOVE = YES;
				CLANG_WARN_UNGUARDED_AVAILABILITY = YES_AGGRESSIVE;
				CLANG_WARN_UNREACHABLE_CODE = YES;
				CLANG_WARN__DUPLICATE_METHOD_MATCH = YES;
				CODE_SIGN_IDENTITY = "iPhone Developer";
				COPY_PHASE_STRIP = NO;
				DEBUG_INFORMATION_FORMAT = "dwarf-with-dsym";
				ENABLE_NS_ASSERTIONS = NO;
				ENABLE_STRICT_OBJC_MSGSEND = YES;
				GCC_C_LANGUAGE_STANDARD = gnu11;
				GCC_NO_COMMON_BLOCKS = YES;
				GCC_WARN_64_TO_32_BIT_CONVERSION = YES;
				GCC_WARN_ABOUT_RETURN_TYPE = YES_ERROR;
				GCC_WARN_UNDECLARED_SELECTOR = YES;
				GCC_WARN_UNINITIALIZED_AUTOS = YES_AGGRESSIVE;
				GCC_WARN_UNUSED_FUNCTION = YES;
				GCC_WARN_UNUSED_VARIABLE = YES;
				IPHONEOS_DEPLOYMENT_TARGET = 11.2;
				MTL_ENABLE_DEBUG_INFO = NO;
				SDKROOT = iphoneos;
				VALIDATE_PRODUCT = YES;
			};
			name = Release;
		};
		9C2646EC209994C8004A4551 /* Debug */ = {
			isa = XCBuildConfiguration;
			baseConfigurationReference = 8EC5F3AAC5E149448B9054F5 /* Pods-WLMElectronicInvoice.debug.xcconfig */;
			buildSettings = {
				ASSETCATALOG_COMPILER_APPICON_NAME = AppIcon;
				CODE_SIGN_STYLE = Automatic;
				DEVELOPMENT_TEAM = 9J6JH9B3QM;
				GCC_PREFIX_HEADER = "$(SRCROOT)/WLMElectronicInvoice/WLMElectronicInvoice.pch";
				INFOPLIST_FILE = WLMElectronicInvoice/Info.plist;
				IPHONEOS_DEPLOYMENT_TARGET = 8.0;
				LD_RUNPATH_SEARCH_PATHS = "$(inherited) @executable_path/Frameworks";
				PRODUCT_BUNDLE_IDENTIFIER = qianbao.WLMElectronicInvoice;
				PRODUCT_NAME = "$(TARGET_NAME)";
				TARGETED_DEVICE_FAMILY = 1;
			};
			name = Debug;
		};
		9C2646ED209994C8004A4551 /* Release */ = {
			isa = XCBuildConfiguration;
			baseConfigurationReference = 0C58E3E41CE2B24BB6F43768 /* Pods-WLMElectronicInvoice.release.xcconfig */;
			buildSettings = {
				ASSETCATALOG_COMPILER_APPICON_NAME = AppIcon;
				CODE_SIGN_STYLE = Automatic;
				DEVELOPMENT_TEAM = 9J6JH9B3QM;
				GCC_PREFIX_HEADER = "$(SRCROOT)/WLMElectronicInvoice/WLMElectronicInvoice.pch";
				INFOPLIST_FILE = WLMElectronicInvoice/Info.plist;
				IPHONEOS_DEPLOYMENT_TARGET = 8.0;
				LD_RUNPATH_SEARCH_PATHS = "$(inherited) @executable_path/Frameworks";
				PRODUCT_BUNDLE_IDENTIFIER = qianbao.WLMElectronicInvoice;
				PRODUCT_NAME = "$(TARGET_NAME)";
				TARGETED_DEVICE_FAMILY = 1;
			};
			name = Release;
		};
/* End XCBuildConfiguration section */

/* Begin XCConfigurationList section */
		9C2646D0209994C8004A4551 /* Build configuration list for PBXProject "WLMElectronicInvoice" */ = {
			isa = XCConfigurationList;
			buildConfigurations = (
				9C2646E9209994C8004A4551 /* Debug */,
				9C2646EA209994C8004A4551 /* Release */,
			);
			defaultConfigurationIsVisible = 0;
			defaultConfigurationName = Release;
		};
		9C2646EB209994C8004A4551 /* Build configuration list for PBXNativeTarget "WLMElectronicInvoice" */ = {
			isa = XCConfigurationList;
			buildConfigurations = (
				9C2646EC209994C8004A4551 /* Debug */,
				9C2646ED209994C8004A4551 /* Release */,
			);
			defaultConfigurationIsVisible = 0;
			defaultConfigurationName = Release;
		};
/* End XCConfigurationList section */
	};
	rootObject = 9C2646CD209994C8004A4551 /* Project object */;
}
